
Microsoft Visual Studio Solution File, Format Version 12.00
# Visual Studio Version 17
Project("{2150E333-8FDC-42A3-9474-1A3956D46DE8}") = "CMakePredefinedTargets", "CMakePredefinedTargets", "{AA597D99-CAA2-3D13-BB21-C982031B8708}"
EndProject
Project("{2150E333-8FDC-42A3-9474-1A3956D46DE8}") = "External", "External", "{9940E98E-8232-39FB-A20F-EE0EF559EB1C}"
EndProject
Project("{2150E333-8FDC-42A3-9474-1A3956D46DE8}") = "Internal", "Internal", "{0D0F5309-8F2C-3356-8719-D259490B4498}"
EndProject
Project("{2150E333-8FDC-42A3-9474-1A3956D46DE8}") = "Utils", "Utils", "{36B7FFA1-95EE-33E3-8C0A-5190D2566784}"
EndProject
Project("{8BC9CEB8-8B4A-11D0-8D11-00A0C91BC942}") = "ALL_BUILD", "ALL_BUILD.vcxproj", "{E652F39C-C0D1-34E4-BDD0-ABF9634E4958}"
	ProjectSection(ProjectDependencies) = postProject
		{5B4E0285-4BEC-385C-936B-A0C44531FCBC} = {5B4E0285-4BEC-385C-936B-A0C44531FCBC}
		{B0727CCE-9B84-3E00-B4BD-3A183E7C7B9E} = {B0727CCE-9B84-3E00-B4BD-3A183E7C7B9E}
		{080DCF91-104A-3865-A293-73EB565FECF7} = {080DCF91-104A-3865-A293-73EB565FECF7}
		{16AB2569-E5A3-392F-8A0D-6358173F623A} = {16AB2569-E5A3-392F-8A0D-6358173F623A}
		{653C3527-821D-3809-BE1B-FABB4ABC4438} = {653C3527-821D-3809-BE1B-FABB4ABC4438}
		{A8F164EC-35F4-304F-A09C-271B657C46D7} = {A8F164EC-35F4-304F-A09C-271B657C46D7}
		{F3B573EA-1445-35FB-8638-B5A18B20E77D} = {F3B573EA-1445-35FB-8638-B5A18B20E77D}
		{8C8B6A95-5BD5-3441-962D-AAF6166FCB63} = {8C8B6A95-5BD5-3441-962D-AAF6166FCB63}
		{7FA6085E-7A94-3F5C-BCD6-FB8B7456FDF4} = {7FA6085E-7A94-3F5C-BCD6-FB8B7456FDF4}
		{3FAD0806-C76E-30C5-A4C0-93E99915B78F} = {3FAD0806-C76E-30C5-A4C0-93E99915B78F}
		{584CF48B-29D7-37D6-A147-FAB9677D303A} = {584CF48B-29D7-37D6-A147-FAB9677D303A}
		{5C33A4C0-4A1C-33B0-942F-9D307253AEC5} = {5C33A4C0-4A1C-33B0-942F-9D307253AEC5}
		{98596784-3CC8-3B58-9732-3F25401A44FF} = {98596784-3CC8-3B58-9732-3F25401A44FF}
		{9DDEA00A-971B-3D51-AB77-0ADBD1D49708} = {9DDEA00A-971B-3D51-AB77-0ADBD1D49708}
		{1BBBB5C4-40E2-3836-8BF9-35B337776808} = {1BBBB5C4-40E2-3836-8BF9-35B337776808}
	EndProjectSection
EndProject
Project("{8BC9CEB8-8B4A-11D0-8D11-00A0C91BC942}") = "SYNC_RESOURCE-mobile_league_game", "SYNC_RESOURCE-mobile_league_game.vcxproj", "{5B4E0285-4BEC-385C-936B-A0C44531FCBC}"
	ProjectSection(ProjectDependencies) = postProject
		{B0727CCE-9B84-3E00-B4BD-3A183E7C7B9E} = {B0727CCE-9B84-3E00-B4BD-3A183E7C7B9E}
	EndProjectSection
EndProject
Project("{8BC9CEB8-8B4A-11D0-8D11-00A0C91BC942}") = "ZERO_CHECK", "ZERO_CHECK.vcxproj", "{B0727CCE-9B84-3E00-B4BD-3A183E7C7B9E}"
	ProjectSection(ProjectDependencies) = postProject
	EndProjectSection
EndProject
Project("{8BC9CEB8-8B4A-11D0-8D11-00A0C91BC942}") = "cocos2d", "engine\cocos\core\cocos2d.vcxproj", "{080DCF91-104A-3865-A293-73EB565FECF7}"
	ProjectSection(ProjectDependencies) = postProject
		{B0727CCE-9B84-3E00-B4BD-3A183E7C7B9E} = {B0727CCE-9B84-3E00-B4BD-3A183E7C7B9E}
		{16AB2569-E5A3-392F-8A0D-6358173F623A} = {16AB2569-E5A3-392F-8A0D-6358173F623A}
		{653C3527-821D-3809-BE1B-FABB4ABC4438} = {653C3527-821D-3809-BE1B-FABB4ABC4438}
		{A8F164EC-35F4-304F-A09C-271B657C46D7} = {A8F164EC-35F4-304F-A09C-271B657C46D7}
		{F3B573EA-1445-35FB-8638-B5A18B20E77D} = {F3B573EA-1445-35FB-8638-B5A18B20E77D}
		{8C8B6A95-5BD5-3441-962D-AAF6166FCB63} = {8C8B6A95-5BD5-3441-962D-AAF6166FCB63}
		{7FA6085E-7A94-3F5C-BCD6-FB8B7456FDF4} = {7FA6085E-7A94-3F5C-BCD6-FB8B7456FDF4}
		{3FAD0806-C76E-30C5-A4C0-93E99915B78F} = {3FAD0806-C76E-30C5-A4C0-93E99915B78F}
		{584CF48B-29D7-37D6-A147-FAB9677D303A} = {584CF48B-29D7-37D6-A147-FAB9677D303A}
		{5C33A4C0-4A1C-33B0-942F-9D307253AEC5} = {5C33A4C0-4A1C-33B0-942F-9D307253AEC5}
		{98596784-3CC8-3B58-9732-3F25401A44FF} = {98596784-3CC8-3B58-9732-3F25401A44FF}
		{9DDEA00A-971B-3D51-AB77-0ADBD1D49708} = {9DDEA00A-971B-3D51-AB77-0ADBD1D49708}
	EndProjectSection
EndProject
Project("{8BC9CEB8-8B4A-11D0-8D11-00A0C91BC942}") = "ext_clipper", "engine\external\clipper\ext_clipper.vcxproj", "{16AB2569-E5A3-392F-8A0D-6358173F623A}"
	ProjectSection(ProjectDependencies) = postProject
		{B0727CCE-9B84-3E00-B4BD-3A183E7C7B9E} = {B0727CCE-9B84-3E00-B4BD-3A183E7C7B9E}
	EndProjectSection
EndProject
Project("{8BC9CEB8-8B4A-11D0-8D11-00A0C91BC942}") = "ext_convertUTF", "engine\external\ConvertUTF\ext_convertUTF.vcxproj", "{653C3527-821D-3809-BE1B-FABB4ABC4438}"
	ProjectSection(ProjectDependencies) = postProject
		{B0727CCE-9B84-3E00-B4BD-3A183E7C7B9E} = {B0727CCE-9B84-3E00-B4BD-3A183E7C7B9E}
	EndProjectSection
EndProject
Project("{8BC9CEB8-8B4A-11D0-8D11-00A0C91BC942}") = "ext_edtaa3func", "engine\external\edtaa3func\ext_edtaa3func.vcxproj", "{A8F164EC-35F4-304F-A09C-271B657C46D7}"
	ProjectSection(ProjectDependencies) = postProject
		{B0727CCE-9B84-3E00-B4BD-3A183E7C7B9E} = {B0727CCE-9B84-3E00-B4BD-3A183E7C7B9E}
	EndProjectSection
EndProject
Project("{8BC9CEB8-8B4A-11D0-8D11-00A0C91BC942}") = "ext_md5", "engine\external\md5\ext_md5.vcxproj", "{F3B573EA-1445-35FB-8638-B5A18B20E77D}"
	ProjectSection(ProjectDependencies) = postProject
		{B0727CCE-9B84-3E00-B4BD-3A183E7C7B9E} = {B0727CCE-9B84-3E00-B4BD-3A183E7C7B9E}
	EndProjectSection
EndProject
Project("{8BC9CEB8-8B4A-11D0-8D11-00A0C91BC942}") = "ext_poly2tri", "engine\external\poly2tri\ext_poly2tri.vcxproj", "{8C8B6A95-5BD5-3441-962D-AAF6166FCB63}"
	ProjectSection(ProjectDependencies) = postProject
		{B0727CCE-9B84-3E00-B4BD-3A183E7C7B9E} = {B0727CCE-9B84-3E00-B4BD-3A183E7C7B9E}
	EndProjectSection
EndProject
Project("{8BC9CEB8-8B4A-11D0-8D11-00A0C91BC942}") = "ext_recast", "engine\external\recast\ext_recast.vcxproj", "{7FA6085E-7A94-3F5C-BCD6-FB8B7456FDF4}"
	ProjectSection(ProjectDependencies) = postProject
		{B0727CCE-9B84-3E00-B4BD-3A183E7C7B9E} = {B0727CCE-9B84-3E00-B4BD-3A183E7C7B9E}
	EndProjectSection
EndProject
Project("{8BC9CEB8-8B4A-11D0-8D11-00A0C91BC942}") = "ext_tinyxml2", "engine\external\tinyxml2\ext_tinyxml2.vcxproj", "{3FAD0806-C76E-30C5-A4C0-93E99915B78F}"
	ProjectSection(ProjectDependencies) = postProject
		{B0727CCE-9B84-3E00-B4BD-3A183E7C7B9E} = {B0727CCE-9B84-3E00-B4BD-3A183E7C7B9E}
	EndProjectSection
EndProject
Project("{8BC9CEB8-8B4A-11D0-8D11-00A0C91BC942}") = "ext_unzip", "engine\external\unzip\ext_unzip.vcxproj", "{584CF48B-29D7-37D6-A147-FAB9677D303A}"
	ProjectSection(ProjectDependencies) = postProject
		{B0727CCE-9B84-3E00-B4BD-3A183E7C7B9E} = {B0727CCE-9B84-3E00-B4BD-3A183E7C7B9E}
	EndProjectSection
EndProject
Project("{8BC9CEB8-8B4A-11D0-8D11-00A0C91BC942}") = "ext_xxhash", "engine\external\xxhash\ext_xxhash.vcxproj", "{5C33A4C0-4A1C-33B0-942F-9D307253AEC5}"
	ProjectSection(ProjectDependencies) = postProject
		{B0727CCE-9B84-3E00-B4BD-3A183E7C7B9E} = {B0727CCE-9B84-3E00-B4BD-3A183E7C7B9E}
	EndProjectSection
EndProject
Project("{8BC9CEB8-8B4A-11D0-8D11-00A0C91BC942}") = "ext_xxtea", "engine\external\xxtea\ext_xxtea.vcxproj", "{98596784-3CC8-3B58-9732-3F25401A44FF}"
	ProjectSection(ProjectDependencies) = postProject
		{B0727CCE-9B84-3E00-B4BD-3A183E7C7B9E} = {B0727CCE-9B84-3E00-B4BD-3A183E7C7B9E}
	EndProjectSection
EndProject
Project("{8BC9CEB8-8B4A-11D0-8D11-00A0C91BC942}") = "external", "engine\external\external.vcxproj", "{9DDEA00A-971B-3D51-AB77-0ADBD1D49708}"
	ProjectSection(ProjectDependencies) = postProject
		{B0727CCE-9B84-3E00-B4BD-3A183E7C7B9E} = {B0727CCE-9B84-3E00-B4BD-3A183E7C7B9E}
		{16AB2569-E5A3-392F-8A0D-6358173F623A} = {16AB2569-E5A3-392F-8A0D-6358173F623A}
		{653C3527-821D-3809-BE1B-FABB4ABC4438} = {653C3527-821D-3809-BE1B-FABB4ABC4438}
		{A8F164EC-35F4-304F-A09C-271B657C46D7} = {A8F164EC-35F4-304F-A09C-271B657C46D7}
		{F3B573EA-1445-35FB-8638-B5A18B20E77D} = {F3B573EA-1445-35FB-8638-B5A18B20E77D}
		{8C8B6A95-5BD5-3441-962D-AAF6166FCB63} = {8C8B6A95-5BD5-3441-962D-AAF6166FCB63}
		{7FA6085E-7A94-3F5C-BCD6-FB8B7456FDF4} = {7FA6085E-7A94-3F5C-BCD6-FB8B7456FDF4}
		{3FAD0806-C76E-30C5-A4C0-93E99915B78F} = {3FAD0806-C76E-30C5-A4C0-93E99915B78F}
		{584CF48B-29D7-37D6-A147-FAB9677D303A} = {584CF48B-29D7-37D6-A147-FAB9677D303A}
		{5C33A4C0-4A1C-33B0-942F-9D307253AEC5} = {5C33A4C0-4A1C-33B0-942F-9D307253AEC5}
		{98596784-3CC8-3B58-9732-3F25401A44FF} = {98596784-3CC8-3B58-9732-3F25401A44FF}
	EndProjectSection
EndProject
Project("{8BC9CEB8-8B4A-11D0-8D11-00A0C91BC942}") = "mobile_league_game", "mobile_league_game.vcxproj", "{1BBBB5C4-40E2-3836-8BF9-35B337776808}"
	ProjectSection(ProjectDependencies) = postProject
		{5B4E0285-4BEC-385C-936B-A0C44531FCBC} = {5B4E0285-4BEC-385C-936B-A0C44531FCBC}
		{B0727CCE-9B84-3E00-B4BD-3A183E7C7B9E} = {B0727CCE-9B84-3E00-B4BD-3A183E7C7B9E}
		{080DCF91-104A-3865-A293-73EB565FECF7} = {080DCF91-104A-3865-A293-73EB565FECF7}
		{16AB2569-E5A3-392F-8A0D-6358173F623A} = {16AB2569-E5A3-392F-8A0D-6358173F623A}
		{653C3527-821D-3809-BE1B-FABB4ABC4438} = {653C3527-821D-3809-BE1B-FABB4ABC4438}
		{A8F164EC-35F4-304F-A09C-271B657C46D7} = {A8F164EC-35F4-304F-A09C-271B657C46D7}
		{F3B573EA-1445-35FB-8638-B5A18B20E77D} = {F3B573EA-1445-35FB-8638-B5A18B20E77D}
		{8C8B6A95-5BD5-3441-962D-AAF6166FCB63} = {8C8B6A95-5BD5-3441-962D-AAF6166FCB63}
		{7FA6085E-7A94-3F5C-BCD6-FB8B7456FDF4} = {7FA6085E-7A94-3F5C-BCD6-FB8B7456FDF4}
		{3FAD0806-C76E-30C5-A4C0-93E99915B78F} = {3FAD0806-C76E-30C5-A4C0-93E99915B78F}
		{584CF48B-29D7-37D6-A147-FAB9677D303A} = {584CF48B-29D7-37D6-A147-FAB9677D303A}
		{5C33A4C0-4A1C-33B0-942F-9D307253AEC5} = {5C33A4C0-4A1C-33B0-942F-9D307253AEC5}
		{98596784-3CC8-3B58-9732-3F25401A44FF} = {98596784-3CC8-3B58-9732-3F25401A44FF}
		{9DDEA00A-971B-3D51-AB77-0ADBD1D49708} = {9DDEA00A-971B-3D51-AB77-0ADBD1D49708}
	EndProjectSection
EndProject
Global
	GlobalSection(SolutionConfigurationPlatforms) = preSolution
		Debug|win32 = Debug|win32
		Release|win32 = Release|win32
		MinSizeRel|win32 = MinSizeRel|win32
		RelWithDebInfo|win32 = RelWithDebInfo|win32
	EndGlobalSection
	GlobalSection(ProjectConfigurationPlatforms) = postSolution
		{E652F39C-C0D1-34E4-BDD0-ABF9634E4958}.Debug|win32.ActiveCfg = Debug|win32
		{E652F39C-C0D1-34E4-BDD0-ABF9634E4958}.Release|win32.ActiveCfg = Release|win32
		{E652F39C-C0D1-34E4-BDD0-ABF9634E4958}.MinSizeRel|win32.ActiveCfg = MinSizeRel|win32
		{E652F39C-C0D1-34E4-BDD0-ABF9634E4958}.RelWithDebInfo|win32.ActiveCfg = RelWithDebInfo|win32
		{5B4E0285-4BEC-385C-936B-A0C44531FCBC}.Debug|win32.ActiveCfg = Debug|win32
		{5B4E0285-4BEC-385C-936B-A0C44531FCBC}.Debug|win32.Build.0 = Debug|win32
		{5B4E0285-4BEC-385C-936B-A0C44531FCBC}.Release|win32.ActiveCfg = Release|win32
		{5B4E0285-4BEC-385C-936B-A0C44531FCBC}.Release|win32.Build.0 = Release|win32
		{5B4E0285-4BEC-385C-936B-A0C44531FCBC}.MinSizeRel|win32.ActiveCfg = MinSizeRel|win32
		{5B4E0285-4BEC-385C-936B-A0C44531FCBC}.MinSizeRel|win32.Build.0 = MinSizeRel|win32
		{5B4E0285-4BEC-385C-936B-A0C44531FCBC}.RelWithDebInfo|win32.ActiveCfg = RelWithDebInfo|win32
		{5B4E0285-4BEC-385C-936B-A0C44531FCBC}.RelWithDebInfo|win32.Build.0 = RelWithDebInfo|win32
		{B0727CCE-9B84-3E00-B4BD-3A183E7C7B9E}.Debug|win32.ActiveCfg = Debug|win32
		{B0727CCE-9B84-3E00-B4BD-3A183E7C7B9E}.Debug|win32.Build.0 = Debug|win32
		{B0727CCE-9B84-3E00-B4BD-3A183E7C7B9E}.Release|win32.ActiveCfg = Release|win32
		{B0727CCE-9B84-3E00-B4BD-3A183E7C7B9E}.Release|win32.Build.0 = Release|win32
		{B0727CCE-9B84-3E00-B4BD-3A183E7C7B9E}.MinSizeRel|win32.ActiveCfg = MinSizeRel|win32
		{B0727CCE-9B84-3E00-B4BD-3A183E7C7B9E}.MinSizeRel|win32.Build.0 = MinSizeRel|win32
		{B0727CCE-9B84-3E00-B4BD-3A183E7C7B9E}.RelWithDebInfo|win32.ActiveCfg = RelWithDebInfo|win32
		{B0727CCE-9B84-3E00-B4BD-3A183E7C7B9E}.RelWithDebInfo|win32.Build.0 = RelWithDebInfo|win32
		{080DCF91-104A-3865-A293-73EB565FECF7}.Debug|win32.ActiveCfg = Debug|win32
		{080DCF91-104A-3865-A293-73EB565FECF7}.Debug|win32.Build.0 = Debug|win32
		{080DCF91-104A-3865-A293-73EB565FECF7}.Release|win32.ActiveCfg = Release|win32
		{080DCF91-104A-3865-A293-73EB565FECF7}.Release|win32.Build.0 = Release|win32
		{080DCF91-104A-3865-A293-73EB565FECF7}.MinSizeRel|win32.ActiveCfg = MinSizeRel|win32
		{080DCF91-104A-3865-A293-73EB565FECF7}.MinSizeRel|win32.Build.0 = MinSizeRel|win32
		{080DCF91-104A-3865-A293-73EB565FECF7}.RelWithDebInfo|win32.ActiveCfg = RelWithDebInfo|win32
		{080DCF91-104A-3865-A293-73EB565FECF7}.RelWithDebInfo|win32.Build.0 = RelWithDebInfo|win32
		{16AB2569-E5A3-392F-8A0D-6358173F623A}.Debug|win32.ActiveCfg = Debug|win32
		{16AB2569-E5A3-392F-8A0D-6358173F623A}.Debug|win32.Build.0 = Debug|win32
		{16AB2569-E5A3-392F-8A0D-6358173F623A}.Release|win32.ActiveCfg = Release|win32
		{16AB2569-E5A3-392F-8A0D-6358173F623A}.Release|win32.Build.0 = Release|win32
		{16AB2569-E5A3-392F-8A0D-6358173F623A}.MinSizeRel|win32.ActiveCfg = MinSizeRel|win32
		{16AB2569-E5A3-392F-8A0D-6358173F623A}.MinSizeRel|win32.Build.0 = MinSizeRel|win32
		{16AB2569-E5A3-392F-8A0D-6358173F623A}.RelWithDebInfo|win32.ActiveCfg = RelWithDebInfo|win32
		{16AB2569-E5A3-392F-8A0D-6358173F623A}.RelWithDebInfo|win32.Build.0 = RelWithDebInfo|win32
		{653C3527-821D-3809-BE1B-FABB4ABC4438}.Debug|win32.ActiveCfg = Debug|win32
		{653C3527-821D-3809-BE1B-FABB4ABC4438}.Debug|win32.Build.0 = Debug|win32
		{653C3527-821D-3809-BE1B-FABB4ABC4438}.Release|win32.ActiveCfg = Release|win32
		{653C3527-821D-3809-BE1B-FABB4ABC4438}.Release|win32.Build.0 = Release|win32
		{653C3527-821D-3809-BE1B-FABB4ABC4438}.MinSizeRel|win32.ActiveCfg = MinSizeRel|win32
		{653C3527-821D-3809-BE1B-FABB4ABC4438}.MinSizeRel|win32.Build.0 = MinSizeRel|win32
		{653C3527-821D-3809-BE1B-FABB4ABC4438}.RelWithDebInfo|win32.ActiveCfg = RelWithDebInfo|win32
		{653C3527-821D-3809-BE1B-FABB4ABC4438}.RelWithDebInfo|win32.Build.0 = RelWithDebInfo|win32
		{A8F164EC-35F4-304F-A09C-271B657C46D7}.Debug|win32.ActiveCfg = Debug|win32
		{A8F164EC-35F4-304F-A09C-271B657C46D7}.Debug|win32.Build.0 = Debug|win32
		{A8F164EC-35F4-304F-A09C-271B657C46D7}.Release|win32.ActiveCfg = Release|win32
		{A8F164EC-35F4-304F-A09C-271B657C46D7}.Release|win32.Build.0 = Release|win32
		{A8F164EC-35F4-304F-A09C-271B657C46D7}.MinSizeRel|win32.ActiveCfg = MinSizeRel|win32
		{A8F164EC-35F4-304F-A09C-271B657C46D7}.MinSizeRel|win32.Build.0 = MinSizeRel|win32
		{A8F164EC-35F4-304F-A09C-271B657C46D7}.RelWithDebInfo|win32.ActiveCfg = RelWithDebInfo|win32
		{A8F164EC-35F4-304F-A09C-271B657C46D7}.RelWithDebInfo|win32.Build.0 = RelWithDebInfo|win32
		{F3B573EA-1445-35FB-8638-B5A18B20E77D}.Debug|win32.ActiveCfg = Debug|win32
		{F3B573EA-1445-35FB-8638-B5A18B20E77D}.Debug|win32.Build.0 = Debug|win32
		{F3B573EA-1445-35FB-8638-B5A18B20E77D}.Release|win32.ActiveCfg = Release|win32
		{F3B573EA-1445-35FB-8638-B5A18B20E77D}.Release|win32.Build.0 = Release|win32
		{F3B573EA-1445-35FB-8638-B5A18B20E77D}.MinSizeRel|win32.ActiveCfg = MinSizeRel|win32
		{F3B573EA-1445-35FB-8638-B5A18B20E77D}.MinSizeRel|win32.Build.0 = MinSizeRel|win32
		{F3B573EA-1445-35FB-8638-B5A18B20E77D}.RelWithDebInfo|win32.ActiveCfg = RelWithDebInfo|win32
		{F3B573EA-1445-35FB-8638-B5A18B20E77D}.RelWithDebInfo|win32.Build.0 = RelWithDebInfo|win32
		{8C8B6A95-5BD5-3441-962D-AAF6166FCB63}.Debug|win32.ActiveCfg = Debug|win32
		{8C8B6A95-5BD5-3441-962D-AAF6166FCB63}.Debug|win32.Build.0 = Debug|win32
		{8C8B6A95-5BD5-3441-962D-AAF6166FCB63}.Release|win32.ActiveCfg = Release|win32
		{8C8B6A95-5BD5-3441-962D-AAF6166FCB63}.Release|win32.Build.0 = Release|win32
		{8C8B6A95-5BD5-3441-962D-AAF6166FCB63}.MinSizeRel|win32.ActiveCfg = MinSizeRel|win32
		{8C8B6A95-5BD5-3441-962D-AAF6166FCB63}.MinSizeRel|win32.Build.0 = MinSizeRel|win32
		{8C8B6A95-5BD5-3441-962D-AAF6166FCB63}.RelWithDebInfo|win32.ActiveCfg = RelWithDebInfo|win32
		{8C8B6A95-5BD5-3441-962D-AAF6166FCB63}.RelWithDebInfo|win32.Build.0 = RelWithDebInfo|win32
		{7FA6085E-7A94-3F5C-BCD6-FB8B7456FDF4}.Debug|win32.ActiveCfg = Debug|win32
		{7FA6085E-7A94-3F5C-BCD6-FB8B7456FDF4}.Debug|win32.Build.0 = Debug|win32
		{7FA6085E-7A94-3F5C-BCD6-FB8B7456FDF4}.Release|win32.ActiveCfg = Release|win32
		{7FA6085E-7A94-3F5C-BCD6-FB8B7456FDF4}.Release|win32.Build.0 = Release|win32
		{7FA6085E-7A94-3F5C-BCD6-FB8B7456FDF4}.MinSizeRel|win32.ActiveCfg = MinSizeRel|win32
		{7FA6085E-7A94-3F5C-BCD6-FB8B7456FDF4}.MinSizeRel|win32.Build.0 = MinSizeRel|win32
		{7FA6085E-7A94-3F5C-BCD6-FB8B7456FDF4}.RelWithDebInfo|win32.ActiveCfg = RelWithDebInfo|win32
		{7FA6085E-7A94-3F5C-BCD6-FB8B7456FDF4}.RelWithDebInfo|win32.Build.0 = RelWithDebInfo|win32
		{3FAD0806-C76E-30C5-A4C0-93E99915B78F}.Debug|win32.ActiveCfg = Debug|win32
		{3FAD0806-C76E-30C5-A4C0-93E99915B78F}.Debug|win32.Build.0 = Debug|win32
		{3FAD0806-C76E-30C5-A4C0-93E99915B78F}.Release|win32.ActiveCfg = Release|win32
		{3FAD0806-C76E-30C5-A4C0-93E99915B78F}.Release|win32.Build.0 = Release|win32
		{3FAD0806-C76E-30C5-A4C0-93E99915B78F}.MinSizeRel|win32.ActiveCfg = MinSizeRel|win32
		{3FAD0806-C76E-30C5-A4C0-93E99915B78F}.MinSizeRel|win32.Build.0 = MinSizeRel|win32
		{3FAD0806-C76E-30C5-A4C0-93E99915B78F}.RelWithDebInfo|win32.ActiveCfg = RelWithDebInfo|win32
		{3FAD0806-C76E-30C5-A4C0-93E99915B78F}.RelWithDebInfo|win32.Build.0 = RelWithDebInfo|win32
		{584CF48B-29D7-37D6-A147-FAB9677D303A}.Debug|win32.ActiveCfg = Debug|win32
		{584CF48B-29D7-37D6-A147-FAB9677D303A}.Debug|win32.Build.0 = Debug|win32
		{584CF48B-29D7-37D6-A147-FAB9677D303A}.Release|win32.ActiveCfg = Release|win32
		{584CF48B-29D7-37D6-A147-FAB9677D303A}.Release|win32.Build.0 = Release|win32
		{584CF48B-29D7-37D6-A147-FAB9677D303A}.MinSizeRel|win32.ActiveCfg = MinSizeRel|win32
		{584CF48B-29D7-37D6-A147-FAB9677D303A}.MinSizeRel|win32.Build.0 = MinSizeRel|win32
		{584CF48B-29D7-37D6-A147-FAB9677D303A}.RelWithDebInfo|win32.ActiveCfg = RelWithDebInfo|win32
		{584CF48B-29D7-37D6-A147-FAB9677D303A}.RelWithDebInfo|win32.Build.0 = RelWithDebInfo|win32
		{5C33A4C0-4A1C-33B0-942F-9D307253AEC5}.Debug|win32.ActiveCfg = Debug|win32
		{5C33A4C0-4A1C-33B0-942F-9D307253AEC5}.Debug|win32.Build.0 = Debug|win32
		{5C33A4C0-4A1C-33B0-942F-9D307253AEC5}.Release|win32.ActiveCfg = Release|win32
		{5C33A4C0-4A1C-33B0-942F-9D307253AEC5}.Release|win32.Build.0 = Release|win32
		{5C33A4C0-4A1C-33B0-942F-9D307253AEC5}.MinSizeRel|win32.ActiveCfg = MinSizeRel|win32
		{5C33A4C0-4A1C-33B0-942F-9D307253AEC5}.MinSizeRel|win32.Build.0 = MinSizeRel|win32
		{5C33A4C0-4A1C-33B0-942F-9D307253AEC5}.RelWithDebInfo|win32.ActiveCfg = RelWithDebInfo|win32
		{5C33A4C0-4A1C-33B0-942F-9D307253AEC5}.RelWithDebInfo|win32.Build.0 = RelWithDebInfo|win32
		{98596784-3CC8-3B58-9732-3F25401A44FF}.Debug|win32.ActiveCfg = Debug|win32
		{98596784-3CC8-3B58-9732-3F25401A44FF}.Debug|win32.Build.0 = Debug|win32
		{98596784-3CC8-3B58-9732-3F25401A44FF}.Release|win32.ActiveCfg = Release|win32
		{98596784-3CC8-3B58-9732-3F25401A44FF}.Release|win32.Build.0 = Release|win32
		{98596784-3CC8-3B58-9732-3F25401A44FF}.MinSizeRel|win32.ActiveCfg = MinSizeRel|win32
		{98596784-3CC8-3B58-9732-3F25401A44FF}.MinSizeRel|win32.Build.0 = MinSizeRel|win32
		{98596784-3CC8-3B58-9732-3F25401A44FF}.RelWithDebInfo|win32.ActiveCfg = RelWithDebInfo|win32
		{98596784-3CC8-3B58-9732-3F25401A44FF}.RelWithDebInfo|win32.Build.0 = RelWithDebInfo|win32
		{9DDEA00A-971B-3D51-AB77-0ADBD1D49708}.Debug|win32.ActiveCfg = Debug|win32
		{9DDEA00A-971B-3D51-AB77-0ADBD1D49708}.Debug|win32.Build.0 = Debug|win32
		{9DDEA00A-971B-3D51-AB77-0ADBD1D49708}.Release|win32.ActiveCfg = Release|win32
		{9DDEA00A-971B-3D51-AB77-0ADBD1D49708}.Release|win32.Build.0 = Release|win32
		{9DDEA00A-971B-3D51-AB77-0ADBD1D49708}.MinSizeRel|win32.ActiveCfg = MinSizeRel|win32
		{9DDEA00A-971B-3D51-AB77-0ADBD1D49708}.MinSizeRel|win32.Build.0 = MinSizeRel|win32
		{9DDEA00A-971B-3D51-AB77-0ADBD1D49708}.RelWithDebInfo|win32.ActiveCfg = RelWithDebInfo|win32
		{9DDEA00A-971B-3D51-AB77-0ADBD1D49708}.RelWithDebInfo|win32.Build.0 = RelWithDebInfo|win32
		{1BBBB5C4-40E2-3836-8BF9-35B337776808}.Debug|win32.ActiveCfg = Debug|win32
		{1BBBB5C4-40E2-3836-8BF9-35B337776808}.Debug|win32.Build.0 = Debug|win32
		{1BBBB5C4-40E2-3836-8BF9-35B337776808}.Release|win32.ActiveCfg = Release|win32
		{1BBBB5C4-40E2-3836-8BF9-35B337776808}.Release|win32.Build.0 = Release|win32
		{1BBBB5C4-40E2-3836-8BF9-35B337776808}.MinSizeRel|win32.ActiveCfg = MinSizeRel|win32
		{1BBBB5C4-40E2-3836-8BF9-35B337776808}.MinSizeRel|win32.Build.0 = MinSizeRel|win32
		{1BBBB5C4-40E2-3836-8BF9-35B337776808}.RelWithDebInfo|win32.ActiveCfg = RelWithDebInfo|win32
		{1BBBB5C4-40E2-3836-8BF9-35B337776808}.RelWithDebInfo|win32.Build.0 = RelWithDebInfo|win32
	EndGlobalSection
	GlobalSection(NestedProjects) = preSolution
		{E652F39C-C0D1-34E4-BDD0-ABF9634E4958} = {AA597D99-CAA2-3D13-BB21-C982031B8708}
		{B0727CCE-9B84-3E00-B4BD-3A183E7C7B9E} = {AA597D99-CAA2-3D13-BB21-C982031B8708}
		{16AB2569-E5A3-392F-8A0D-6358173F623A} = {9940E98E-8232-39FB-A20F-EE0EF559EB1C}
		{653C3527-821D-3809-BE1B-FABB4ABC4438} = {9940E98E-8232-39FB-A20F-EE0EF559EB1C}
		{A8F164EC-35F4-304F-A09C-271B657C46D7} = {9940E98E-8232-39FB-A20F-EE0EF559EB1C}
		{F3B573EA-1445-35FB-8638-B5A18B20E77D} = {9940E98E-8232-39FB-A20F-EE0EF559EB1C}
		{8C8B6A95-5BD5-3441-962D-AAF6166FCB63} = {9940E98E-8232-39FB-A20F-EE0EF559EB1C}
		{7FA6085E-7A94-3F5C-BCD6-FB8B7456FDF4} = {9940E98E-8232-39FB-A20F-EE0EF559EB1C}
		{3FAD0806-C76E-30C5-A4C0-93E99915B78F} = {9940E98E-8232-39FB-A20F-EE0EF559EB1C}
		{584CF48B-29D7-37D6-A147-FAB9677D303A} = {9940E98E-8232-39FB-A20F-EE0EF559EB1C}
		{5C33A4C0-4A1C-33B0-942F-9D307253AEC5} = {9940E98E-8232-39FB-A20F-EE0EF559EB1C}
		{98596784-3CC8-3B58-9732-3F25401A44FF} = {9940E98E-8232-39FB-A20F-EE0EF559EB1C}
		{9DDEA00A-971B-3D51-AB77-0ADBD1D49708} = {9940E98E-8232-39FB-A20F-EE0EF559EB1C}
		{080DCF91-104A-3865-A293-73EB565FECF7} = {0D0F5309-8F2C-3356-8719-D259490B4498}
		{5B4E0285-4BEC-385C-936B-A0C44531FCBC} = {36B7FFA1-95EE-33E3-8C0A-5190D2566784}
	EndGlobalSection
	GlobalSection(ExtensibilityGlobals) = postSolution
		SolutionGuid = {E6C7E891-6990-324F-8464-4F4BE6F006E6}
	EndGlobalSection
	GlobalSection(ExtensibilityAddIns) = postSolution
	EndGlobalSection
EndGlobal
