<?xml version="1.0" encoding="utf-8"?>
<Project ToolsVersion="16.0" xmlns="http://schemas.microsoft.com/developer/msbuild/2003">
  <ItemGroup>
    <ClCompile Include="G:\mobile_league_game\Classes\AppDelegate.cpp">
      <Filter>Source Files\Classes</Filter>
    </ClCompile>
    <ClCompile Include="G:\mobile_league_game\Classes\HelloWorldScene.cpp">
      <Filter>Source Files\Classes</Filter>
    </ClCompile>
    <ClCompile Include="G:\mobile_league_game\Classes\GameScene.cpp">
      <Filter>Source Files\Classes</Filter>
    </ClCompile>
    <ClCompile Include="G:\mobile_league_game\Classes\Hero.cpp">
      <Filter>Source Files\Classes</Filter>
    </ClCompile>
    <ClCompile Include="G:\mobile_league_game\Classes\Shop.cpp">
      <Filter>Source Files\Classes</Filter>
    </ClCompile>
    <ClCompile Include="G:\mobile_league_game\Classes\Teleport.cpp">
      <Filter>Source Files\Classes</Filter>
    </ClCompile>
    <ClCompile Include="G:\mobile_league_game\Classes\WorldMap.cpp">
      <Filter>Source Files\Classes</Filter>
    </ClCompile>
    <ClCompile Include="G:\mobile_league_game\proj.win32\main.cpp">
      <Filter>Source Files\proj.win32</Filter>
    </ClCompile>
    <ClCompile Include="G:\mobile_league_game\cocos2d\cocos\precheader.cpp">
      <Filter>Source Files</Filter>
    </ClCompile>
    <ClCompile Include="..\Classes\BrandLevel.cpp">
      <Filter>Source Files\Classes</Filter>
    </ClCompile>
    <ClCompile Include="..\Classes\Brand.cpp">
      <Filter>Source Files\Classes</Filter>
    </ClCompile>
    <ClCompile Include="..\Classes\Ryze.cpp">
      <Filter>Source Files\Classes</Filter>
    </ClCompile>
    <ClCompile Include="..\Classes\EnemyHero.cpp">
      <Filter>Source Files\Classes</Filter>
    </ClCompile>
    <ClCompile Include="..\Classes\AllyHero.cpp">
      <Filter>Source Files\Classes</Filter>
    </ClCompile>
    <ClCompile Include="..\Classes\Ashe.cpp">
      <Filter>Source Files\Classes</Filter>
    </ClCompile>
    <ClCompile Include="..\Classes\Garen.cpp">
      <Filter>Source Files\Classes</Filter>
    </ClCompile>
    <ClCompile Include="..\Classes\Cassiopeia.cpp">
      <Filter>Source Files\Classes</Filter>
    </ClCompile>
    <ClCompile Include="..\Classes\Darius.cpp">
      <Filter>Source Files\Classes</Filter>
    </ClCompile>
    <ClCompile Include="..\Classes\Twisted_Fate.cpp">
      <Filter>Source Files\Classes</Filter>
    </ClCompile>
    <ClCompile Include="..\Classes\Taliyah.cpp">
      <Filter>Source Files\Classes</Filter>
    </ClCompile>
    <ClCompile Include="..\Classes\Karthus.cpp">
      <Filter>Source Files\Classes</Filter>
    </ClCompile>
    <ClCompile Include="..\Classes\Pantheon.cpp">
      <Filter>Source Files\Classes</Filter>
    </ClCompile>
    <ClCompile Include="..\Classes\Lucian.cpp">
      <Filter>Source Files\Classes</Filter>
    </ClCompile>
    <ClCompile Include="..\Classes\Kogmaw.cpp">
      <Filter>Source Files\Classes</Filter>
    </ClCompile>
  </ItemGroup>
  <ItemGroup>
    <ClInclude Include="G:\mobile_league_game\Classes\AppDelegate.h">
      <Filter>Source Files\Classes</Filter>
    </ClInclude>
    <ClInclude Include="G:\mobile_league_game\Classes\HelloWorldScene.h">
      <Filter>Source Files\Classes</Filter>
    </ClInclude>
    <ClInclude Include="G:\mobile_league_game\Classes\GameScene.h">
      <Filter>Source Files\Classes</Filter>
    </ClInclude>
    <ClInclude Include="G:\mobile_league_game\Classes\Hero.h">
      <Filter>Source Files\Classes</Filter>
    </ClInclude>
    <ClInclude Include="G:\mobile_league_game\Classes\Shop.h">
      <Filter>Source Files\Classes</Filter>
    </ClInclude>
    <ClInclude Include="G:\mobile_league_game\Classes\Teleport.h">
      <Filter>Source Files\Classes</Filter>
    </ClInclude>
    <ClInclude Include="G:\mobile_league_game\Classes\WorldMap.h">
      <Filter>Source Files\Classes</Filter>
    </ClInclude>
    <ClInclude Include="G:\mobile_league_game\proj.win32\main.h">
      <Filter>Source Files\proj.win32</Filter>
    </ClInclude>
    <ClInclude Include="G:\mobile_league_game\proj.win32\resource.h">
      <Filter>Source Files\proj.win32</Filter>
    </ClInclude>
    <ClInclude Include="G:\mobile_league_game\Resources\CloseNormal.png">
      <Filter>Resources</Filter>
    </ClInclude>
    <ClInclude Include="G:\mobile_league_game\Resources\CloseSelected.png">
      <Filter>Resources</Filter>
    </ClInclude>
    <ClInclude Include="G:\mobile_league_game\Resources\HelloWorld.png">
      <Filter>Resources</Filter>
    </ClInclude>
    <ClInclude Include="G:\mobile_league_game\Resources\backgrounds\firstSceneBG.png">
      <Filter>Resources\backgrounds</Filter>
    </ClInclude>
    <ClInclude Include="G:\mobile_league_game\Resources\backgrounds\mainBG.png">
      <Filter>Resources\backgrounds</Filter>
    </ClInclude>
    <ClInclude Include="G:\mobile_league_game\Resources\backgrounds\menuBG.png">
      <Filter>Resources\backgrounds</Filter>
    </ClInclude>
    <ClInclude Include="G:\mobile_league_game\Resources\backgrounds\tloGGra1440x2776.png">
      <Filter>Resources\backgrounds</Filter>
    </ClInclude>
    <ClInclude Include="G:\mobile_league_game\Resources\backgrounds\worldMapBG.png">
      <Filter>Resources\backgrounds</Filter>
    </ClInclude>
    <ClInclude Include="G:\mobile_league_game\Resources\buttons\buyBtn.png">
      <Filter>Resources\buttons</Filter>
    </ClInclude>
    <ClInclude Include="G:\mobile_league_game\Resources\buttons\cross.png">
      <Filter>Resources\buttons</Filter>
    </ClInclude>
    <ClInclude Include="G:\mobile_league_game\Resources\buttons\lArrow.png">
      <Filter>Resources\buttons</Filter>
    </ClInclude>
    <ClInclude Include="G:\mobile_league_game\Resources\buttons\playBtn.png">
      <Filter>Resources\buttons</Filter>
    </ClInclude>
    <ClInclude Include="G:\mobile_league_game\Resources\buttons\pressedBuyBtn.png">
      <Filter>Resources\buttons</Filter>
    </ClInclude>
    <ClInclude Include="G:\mobile_league_game\Resources\buttons\pressedPlayBtn.png">
      <Filter>Resources\buttons</Filter>
    </ClInclude>
    <ClInclude Include="G:\mobile_league_game\Resources\buttons\pressedlArrow.png">
      <Filter>Resources\buttons</Filter>
    </ClInclude>
    <ClInclude Include="G:\mobile_league_game\Resources\buttons\pressedrArrow.png">
      <Filter>Resources\buttons</Filter>
    </ClInclude>
    <ClInclude Include="G:\mobile_league_game\Resources\buttons\rArrow.png">
      <Filter>Resources\buttons</Filter>
    </ClInclude>
    <ClInclude Include="G:\mobile_league_game\Resources\fonts\Marker Felt.ttf">
      <Filter>Resources\fonts</Filter>
    </ClInclude>
    <ClInclude Include="G:\mobile_league_game\Resources\fonts\arial.ttf">
      <Filter>Resources\fonts</Filter>
    </ClInclude>
    <ClInclude Include="G:\mobile_league_game\Resources\other\sign.png">
      <Filter>Resources\other</Filter>
    </ClInclude>
    <ClInclude Include="G:\mobile_league_game\Resources\res\.gitkeep">
      <Filter>Resources\res</Filter>
    </ClInclude>
    <ClInclude Include="G:\mobile_league_game\Resources\shop\ashe.png">
      <Filter>Resources\shop</Filter>
    </ClInclude>
    <ClInclude Include="G:\mobile_league_game\Resources\shop\garen.png">
      <Filter>Resources\shop</Filter>
    </ClInclude>
    <ClInclude Include="G:\mobile_league_game\Resources\shop\hex.png">
      <Filter>Resources\shop</Filter>
    </ClInclude>
    <ClInclude Include="G:\mobile_league_game\Resources\shop\shop.png">
      <Filter>Resources\shop</Filter>
    </ClInclude>
    <ClInclude Include="G:\mobile_league_game\Resources\shop\twisted_fate.png">
      <Filter>Resources\shop</Filter>
    </ClInclude>
    <ClInclude Include="G:\mobile_league_game\Resources\teleport\tp.plist">
      <Filter>Resources\teleport</Filter>
    </ClInclude>
    <ClInclude Include="G:\mobile_league_game\Resources\teleport\tp.png">
      <Filter>Resources\teleport</Filter>
    </ClInclude>
    <ClInclude Include="G:\mobile_league_game\Resources\teleport\tp0.png">
      <Filter>Resources\teleport</Filter>
    </ClInclude>
    <ClInclude Include="G:\mobile_league_game\Resources\teleport\tp1.png">
      <Filter>Resources\teleport</Filter>
    </ClInclude>
    <ClInclude Include="G:\mobile_league_game\Resources\teleport\tp2.png">
      <Filter>Resources\teleport</Filter>
    </ClInclude>
    <ClInclude Include="G:\mobile_league_game\Resources\teleport\tp3.png">
      <Filter>Resources\teleport</Filter>
    </ClInclude>
    <ClInclude Include="G:\mobile_league_game\Resources\worldMap\islandLevel1.png">
      <Filter>Resources\worldMap</Filter>
    </ClInclude>
    <ClInclude Include="..\Classes\BrandLevel.h">
      <Filter>Source Files\Classes</Filter>
    </ClInclude>
    <ClInclude Include="..\Classes\Brand.h">
      <Filter>Source Files\Classes</Filter>
    </ClInclude>
    <ClInclude Include="..\Classes\Ryze.h">
      <Filter>Source Files\Classes</Filter>
    </ClInclude>
    <ClInclude Include="..\Classes\EnemyHero.h">
      <Filter>Source Files\Classes</Filter>
    </ClInclude>
    <ClInclude Include="..\Classes\AllyHero.h">
      <Filter>Source Files\Classes</Filter>
    </ClInclude>
    <ClInclude Include="..\Classes\Ashe.h">
      <Filter>Source Files\Classes</Filter>
    </ClInclude>
    <ClInclude Include="..\Classes\Garen.h">
      <Filter>Source Files\Classes</Filter>
    </ClInclude>
    <ClInclude Include="..\Classes\Cassiopeia.h">
      <Filter>Source Files\Classes</Filter>
    </ClInclude>
    <ClInclude Include="..\Classes\Darius.h">
      <Filter>Source Files\Classes</Filter>
    </ClInclude>
    <ClInclude Include="..\Classes\Twisted_Fate.h">
      <Filter>Source Files\Classes</Filter>
    </ClInclude>
    <ClInclude Include="..\Classes\Taliyah.h">
      <Filter>Source Files\Classes</Filter>
    </ClInclude>
    <ClInclude Include="..\Classes\Karthus.h">
      <Filter>Source Files\Classes</Filter>
    </ClInclude>
    <ClInclude Include="..\Classes\Pantheon.h">
      <Filter>Source Files\Classes</Filter>
    </ClInclude>
    <ClInclude Include="..\Classes\Lucian.h">
      <Filter>Source Files\Classes</Filter>
    </ClInclude>
    <ClInclude Include="..\Classes\Kogmaw.h">
      <Filter>Source Files\Classes</Filter>
    </ClInclude>
  </ItemGroup>
  <ItemGroup>
    <CustomBuild Include="G:\mobile_league_game\CMakeLists.txt" />
  </ItemGroup>
  <ItemGroup>
    <ResourceCompile Include="G:\mobile_league_game\proj.win32\game.rc">
      <Filter>Source Files\proj.win32</Filter>
    </ResourceCompile>
  </ItemGroup>
  <ItemGroup>
    <Filter Include="Resources">
      <UniqueIdentifier>{4695303D-4962-3079-B931-0A893B635D98}</UniqueIdentifier>
    </Filter>
    <Filter Include="Resources\backgrounds">
      <UniqueIdentifier>{059583A3-E3D5-30E2-9329-1914311E2F15}</UniqueIdentifier>
    </Filter>
    <Filter Include="Resources\buttons">
      <UniqueIdentifier>{28BDEF70-52E8-3C51-B503-F898E26B0D7F}</UniqueIdentifier>
    </Filter>
    <Filter Include="Resources\fonts">
      <UniqueIdentifier>{5C52A526-F73C-32FA-A44A-8A41F7B1653B}</UniqueIdentifier>
    </Filter>
    <Filter Include="Resources\other">
      <UniqueIdentifier>{12E92920-4DBE-3347-81D3-009D96D12BC3}</UniqueIdentifier>
    </Filter>
    <Filter Include="Resources\res">
      <UniqueIdentifier>{7F01C039-C2E8-36C8-B343-5BF85158B5E7}</UniqueIdentifier>
    </Filter>
    <Filter Include="Resources\shop">
      <UniqueIdentifier>{AC94632C-5C83-3E17-BEA9-9FA101FD3C66}</UniqueIdentifier>
    </Filter>
    <Filter Include="Resources\teleport">
      <UniqueIdentifier>{BD402117-A5E1-3868-BA6B-3DEE82302637}</UniqueIdentifier>
    </Filter>
    <Filter Include="Resources\worldMap">
      <UniqueIdentifier>{F35D8008-DFCB-3029-90E4-21DFD81A1F67}</UniqueIdentifier>
    </Filter>
    <Filter Include="Source Files">
      <UniqueIdentifier>{44DABEB0-621F-32D5-80F3-1B98078E6898}</UniqueIdentifier>
    </Filter>
    <Filter Include="Source Files\Classes">
      <UniqueIdentifier>{04D11D4B-328F-3481-A615-D304870AE16A}</UniqueIdentifier>
    </Filter>
    <Filter Include="Source Files\proj.win32">
      <UniqueIdentifier>{80C69775-2032-3435-A57E-DE8FDFB4B7FA}</UniqueIdentifier>
    </Filter>
  </ItemGroup>
</Project>