<?xml version="1.0" encoding="utf-8"?>
<Project ToolsVersion="17.0" xmlns="http://schemas.microsoft.com/developer/msbuild/2003">
  <ItemGroup>
    <ClCompile Include="D:\newG\mobile_league_game\proj.win32\main.cpp">
      <Filter>Source Files\proj.win32</Filter>
    </ClCompile>
    <ClCompile Include="D:\newG\mobile_league_game\cocos2d\cocos\precheader.cpp">
      <Filter>Source Files</Filter>
    </ClCompile>
    <ClCompile Include="..\Classes\AppDelegate.cpp">
      <Filter>Source Files\Classes</Filter>
    </ClCompile>
    <ClCompile Include="..\Classes\AllyHeroes\AllyHero.cpp">
      <Filter>Source Files\Classes\AllyHeroes</Filter>
    </ClCompile>
    <ClCompile Include="..\Classes\AllyHeroes\Ashe\Ashe.cpp">
      <Filter>Source Files\Classes\AllyHeroes</Filter>
    </ClCompile>
    <ClCompile Include="..\Classes\AllyHeroes\Elise\Elise.cpp">
      <Filter>Source Files\Classes\AllyHeroes</Filter>
    </ClCompile>
    <ClCompile Include="..\Classes\AllyHeroes\Garen\Garen.cpp">
      <Filter>Source Files\Classes\AllyHeroes</Filter>
    </ClCompile>
    <ClCompile Include="..\Classes\AllyHeroes\Kaisa\Kaisa.cpp">
      <Filter>Source Files\Classes\AllyHeroes</Filter>
    </ClCompile>
    <ClCompile Include="..\Classes\AllyHeroes\Katarina\Katarina.cpp">
      <Filter>Source Files\Classes\AllyHeroes</Filter>
    </ClCompile>
    <ClCompile Include="..\Classes\AllyHeroes\Ryze\Ryze.cpp">
      <Filter>Source Files\Classes\AllyHeroes</Filter>
    </ClCompile>
    <ClCompile Include="..\Classes\AllyHeroes\Twisted_Fate\Twisted_Fate.cpp">
      <Filter>Source Files\Classes\AllyHeroes</Filter>
    </ClCompile>
    <ClCompile Include="..\Classes\EnemyHeroes\Brand\Brand.cpp">
      <Filter>Source Files\Classes\EnemyHeroes</Filter>
    </ClCompile>
    <ClCompile Include="..\Classes\EnemyHeroes\Cassiopeia\Cassiopeia.cpp">
      <Filter>Source Files\Classes\EnemyHeroes</Filter>
    </ClCompile>
    <ClCompile Include="..\Classes\EnemyHeroes\Darius\Darius.cpp">
      <Filter>Source Files\Classes\EnemyHeroes</Filter>
    </ClCompile>
    <ClCompile Include="..\Classes\EnemyHeroes\EnemyHero.cpp">
      <Filter>Source Files\Classes\EnemyHeroes</Filter>
    </ClCompile>
    <ClCompile Include="..\Classes\EnemyHeroes\Irelia\Irelia.cpp">
      <Filter>Source Files\Classes\EnemyHeroes</Filter>
    </ClCompile>
    <ClCompile Include="..\Classes\EnemyHeroes\Karthus\Karthus.cpp">
      <Filter>Source Files\Classes\EnemyHeroes</Filter>
    </ClCompile>
    <ClCompile Include="..\Classes\EnemyHeroes\Kogmaw\Kogmaw.cpp">
      <Filter>Source Files\Classes\EnemyHeroes</Filter>
    </ClCompile>
    <ClCompile Include="..\Classes\EnemyHeroes\Lucian\Lucian.cpp">
      <Filter>Source Files\Classes\EnemyHeroes</Filter>
    </ClCompile>
    <ClCompile Include="..\Classes\EnemyHeroes\Malhazar\Malhazar.cpp">
      <Filter>Source Files\Classes\EnemyHeroes</Filter>
    </ClCompile>
    <ClCompile Include="..\Classes\EnemyHeroes\Pantheon\Pantheon.cpp">
      <Filter>Source Files\Classes\EnemyHeroes</Filter>
    </ClCompile>
    <ClCompile Include="..\Classes\EnemyHeroes\Taliyah\Taliyah.cpp">
      <Filter>Source Files\Classes\EnemyHeroes</Filter>
    </ClCompile>
    <ClCompile Include="..\Classes\EnemyHeroes\Yuumi\Yuumi.cpp">
      <Filter>Source Files\Classes\EnemyHeroes</Filter>
    </ClCompile>
    <ClCompile Include="..\Classes\Objects\Shop\Shop.cpp">
      <Filter>Source Files\Classes\Objects</Filter>
    </ClCompile>
    <ClCompile Include="..\Classes\Objects\Teleport\Teleport.cpp">
      <Filter>Source Files\Classes\Objects</Filter>
    </ClCompile>
    <ClCompile Include="..\Classes\Scenes\ArtifactView\ArtifactView.cpp">
      <Filter>Source Files\Classes\Scenes</Filter>
    </ClCompile>
    <ClCompile Include="..\Classes\Scenes\GameScene\GameScene.cpp">
      <Filter>Source Files\Classes\Scenes</Filter>
    </ClCompile>
    <ClCompile Include="..\Classes\Scenes\LevelScene\LevelScene.cpp">
      <Filter>Source Files\Classes\Scenes</Filter>
    </ClCompile>
    <ClCompile Include="..\Classes\Scenes\MenuScene\MenuScene.cpp">
      <Filter>Source Files\Classes\Scenes</Filter>
    </ClCompile>
    <ClCompile Include="..\Classes\Scenes\WorldMap\WorldMap.cpp">
      <Filter>Source Files\Classes\Scenes</Filter>
    </ClCompile>
  </ItemGroup>
  <ItemGroup>
    <ClInclude Include="D:\newG\mobile_league_game\proj.win32\main.h">
      <Filter>Source Files\proj.win32</Filter>
    </ClInclude>
    <ClInclude Include="D:\newG\mobile_league_game\proj.win32\resource.h">
      <Filter>Source Files\proj.win32</Filter>
    </ClInclude>
    <ClInclude Include="D:\newG\mobile_league_game\Resources\CloseNormal.png">
      <Filter>Resources</Filter>
    </ClInclude>
    <ClInclude Include="D:\newG\mobile_league_game\Resources\CloseSelected.png">
      <Filter>Resources</Filter>
    </ClInclude>
    <ClInclude Include="D:\newG\mobile_league_game\Resources\HelloWorld.png">
      <Filter>Resources</Filter>
    </ClInclude>
    <ClInclude Include="D:\newG\mobile_league_game\Resources\artefacts\a0R.png">
      <Filter>Resources\artefacts</Filter>
    </ClInclude>
    <ClInclude Include="D:\newG\mobile_league_game\Resources\artefacts\a1.png">
      <Filter>Resources\artefacts</Filter>
    </ClInclude>
    <ClInclude Include="D:\newG\mobile_league_game\Resources\artefacts\a10R.png">
      <Filter>Resources\artefacts</Filter>
    </ClInclude>
    <ClInclude Include="D:\newG\mobile_league_game\Resources\artefacts\a1R.png">
      <Filter>Resources\artefacts</Filter>
    </ClInclude>
    <ClInclude Include="D:\newG\mobile_league_game\Resources\artefacts\a1clear.png">
      <Filter>Resources\artefacts</Filter>
    </ClInclude>
    <ClInclude Include="D:\newG\mobile_league_game\Resources\artefacts\a2.png">
      <Filter>Resources\artefacts</Filter>
    </ClInclude>
    <ClInclude Include="D:\newG\mobile_league_game\Resources\artefacts\a2R.png">
      <Filter>Resources\artefacts</Filter>
    </ClInclude>
    <ClInclude Include="D:\newG\mobile_league_game\Resources\artefacts\a2clear.png">
      <Filter>Resources\artefacts</Filter>
    </ClInclude>
    <ClInclude Include="D:\newG\mobile_league_game\Resources\artefacts\a3.png">
      <Filter>Resources\artefacts</Filter>
    </ClInclude>
    <ClInclude Include="D:\newG\mobile_league_game\Resources\artefacts\a3R.png">
      <Filter>Resources\artefacts</Filter>
    </ClInclude>
    <ClInclude Include="D:\newG\mobile_league_game\Resources\artefacts\a3clear.png">
      <Filter>Resources\artefacts</Filter>
    </ClInclude>
    <ClInclude Include="D:\newG\mobile_league_game\Resources\artefacts\a4.png">
      <Filter>Resources\artefacts</Filter>
    </ClInclude>
    <ClInclude Include="D:\newG\mobile_league_game\Resources\artefacts\a4R.png">
      <Filter>Resources\artefacts</Filter>
    </ClInclude>
    <ClInclude Include="D:\newG\mobile_league_game\Resources\artefacts\a4clear.png">
      <Filter>Resources\artefacts</Filter>
    </ClInclude>
    <ClInclude Include="D:\newG\mobile_league_game\Resources\artefacts\a5.png">
      <Filter>Resources\artefacts</Filter>
    </ClInclude>
    <ClInclude Include="D:\newG\mobile_league_game\Resources\artefacts\a5R.png">
      <Filter>Resources\artefacts</Filter>
    </ClInclude>
    <ClInclude Include="D:\newG\mobile_league_game\Resources\artefacts\a5clear.png">
      <Filter>Resources\artefacts</Filter>
    </ClInclude>
    <ClInclude Include="D:\newG\mobile_league_game\Resources\artefacts\a6.png">
      <Filter>Resources\artefacts</Filter>
    </ClInclude>
    <ClInclude Include="D:\newG\mobile_league_game\Resources\artefacts\a6R.png">
      <Filter>Resources\artefacts</Filter>
    </ClInclude>
    <ClInclude Include="D:\newG\mobile_league_game\Resources\artefacts\a6clear.png">
      <Filter>Resources\artefacts</Filter>
    </ClInclude>
    <ClInclude Include="D:\newG\mobile_league_game\Resources\artefacts\a7.png">
      <Filter>Resources\artefacts</Filter>
    </ClInclude>
    <ClInclude Include="D:\newG\mobile_league_game\Resources\artefacts\a7R.png">
      <Filter>Resources\artefacts</Filter>
    </ClInclude>
    <ClInclude Include="D:\newG\mobile_league_game\Resources\artefacts\a7clear.png">
      <Filter>Resources\artefacts</Filter>
    </ClInclude>
    <ClInclude Include="D:\newG\mobile_league_game\Resources\artefacts\artefactInscription.png">
      <Filter>Resources\artefacts</Filter>
    </ClInclude>
    <ClInclude Include="D:\newG\mobile_league_game\Resources\artefacts\chest.png">
      <Filter>Resources\artefacts</Filter>
    </ClInclude>
    <ClInclude Include="D:\newG\mobile_league_game\Resources\backgrounds\artifactBg.png">
      <Filter>Resources\backgrounds</Filter>
    </ClInclude>
    <ClInclude Include="D:\newG\mobile_league_game\Resources\backgrounds\firstSceneBG.png">
      <Filter>Resources\backgrounds</Filter>
    </ClInclude>
    <ClInclude Include="D:\newG\mobile_league_game\Resources\backgrounds\mainBG.png">
      <Filter>Resources\backgrounds</Filter>
    </ClInclude>
    <ClInclude Include="D:\newG\mobile_league_game\Resources\backgrounds\menuBG.png">
      <Filter>Resources\backgrounds</Filter>
    </ClInclude>
    <ClInclude Include="D:\newG\mobile_league_game\Resources\backgrounds\tloGGra1440x2776.png">
      <Filter>Resources\backgrounds</Filter>
    </ClInclude>
    <ClInclude Include="D:\newG\mobile_league_game\Resources\backgrounds\worldMapBG.png">
      <Filter>Resources\backgrounds</Filter>
    </ClInclude>
    <ClInclude Include="D:\newG\mobile_league_game\Resources\buttons\bodySprite (1).png">
      <Filter>Resources\buttons</Filter>
    </ClInclude>
    <ClInclude Include="D:\newG\mobile_league_game\Resources\buttons\buyBtn.png">
      <Filter>Resources\buttons</Filter>
    </ClInclude>
    <ClInclude Include="D:\newG\mobile_league_game\Resources\buttons\cross.png">
      <Filter>Resources\buttons</Filter>
    </ClInclude>
    <ClInclude Include="D:\newG\mobile_league_game\Resources\buttons\crossBtn.png">
      <Filter>Resources\buttons</Filter>
    </ClInclude>
    <ClInclude Include="D:\newG\mobile_league_game\Resources\buttons\heroesBtn.png">
      <Filter>Resources\buttons</Filter>
    </ClInclude>
    <ClInclude Include="D:\newG\mobile_league_game\Resources\buttons\itemsBtn.png">
      <Filter>Resources\buttons</Filter>
    </ClInclude>
    <ClInclude Include="D:\newG\mobile_league_game\Resources\buttons\lArrow.png">
      <Filter>Resources\buttons</Filter>
    </ClInclude>
    <ClInclude Include="D:\newG\mobile_league_game\Resources\buttons\mltBtn.png">
      <Filter>Resources\buttons</Filter>
    </ClInclude>
    <ClInclude Include="D:\newG\mobile_league_game\Resources\buttons\okBtn.png">
      <Filter>Resources\buttons</Filter>
    </ClInclude>
    <ClInclude Include="D:\newG\mobile_league_game\Resources\buttons\pickBtn.png">
      <Filter>Resources\buttons</Filter>
    </ClInclude>
    <ClInclude Include="D:\newG\mobile_league_game\Resources\buttons\playBtn.png">
      <Filter>Resources\buttons</Filter>
    </ClInclude>
    <ClInclude Include="D:\newG\mobile_league_game\Resources\buttons\pressedBuyBtn.png">
      <Filter>Resources\buttons</Filter>
    </ClInclude>
    <ClInclude Include="D:\newG\mobile_league_game\Resources\buttons\pressedOkBtn.png">
      <Filter>Resources\buttons</Filter>
    </ClInclude>
    <ClInclude Include="D:\newG\mobile_league_game\Resources\buttons\pressedPlayBtn.png">
      <Filter>Resources\buttons</Filter>
    </ClInclude>
    <ClInclude Include="D:\newG\mobile_league_game\Resources\buttons\pressedlArrow.png">
      <Filter>Resources\buttons</Filter>
    </ClInclude>
    <ClInclude Include="D:\newG\mobile_league_game\Resources\buttons\pressedrArrow.png">
      <Filter>Resources\buttons</Filter>
    </ClInclude>
    <ClInclude Include="D:\newG\mobile_league_game\Resources\buttons\rArrow.png">
      <Filter>Resources\buttons</Filter>
    </ClInclude>
    <ClInclude Include="D:\newG\mobile_league_game\Resources\combatScene\health.png">
      <Filter>Resources\combatScene</Filter>
    </ClInclude>
    <ClInclude Include="D:\newG\mobile_league_game\Resources\combatScene\healthBar.png">
      <Filter>Resources\combatScene</Filter>
    </ClInclude>
    <ClInclude Include="D:\newG\mobile_league_game\Resources\combatScene\hud.png">
      <Filter>Resources\combatScene</Filter>
    </ClInclude>
    <ClInclude Include="D:\newG\mobile_league_game\Resources\combatScene\spells\brandSpell1.png">
      <Filter>Resources\combatScene\spells</Filter>
    </ClInclude>
    <ClInclude Include="D:\newG\mobile_league_game\Resources\combatScene\spells\brandSpellAnimate.zip">
      <Filter>Resources\combatScene\spells</Filter>
    </ClInclude>
    <ClInclude Include="D:\newG\mobile_league_game\Resources\combatScene\spells\ryze0.png">
      <Filter>Resources\combatScene\spells</Filter>
    </ClInclude>
    <ClInclude Include="D:\newG\mobile_league_game\Resources\combatScene\spells\ryze1.png">
      <Filter>Resources\combatScene\spells</Filter>
    </ClInclude>
    <ClInclude Include="D:\newG\mobile_league_game\Resources\combatScene\spells\ryze2.png">
      <Filter>Resources\combatScene\spells</Filter>
    </ClInclude>
    <ClInclude Include="D:\newG\mobile_league_game\Resources\combatScene\spells\ryze3.png">
      <Filter>Resources\combatScene\spells</Filter>
    </ClInclude>
    <ClInclude Include="D:\newG\mobile_league_game\Resources\combatScene\spells\ryze4.png">
      <Filter>Resources\combatScene\spells</Filter>
    </ClInclude>
    <ClInclude Include="D:\newG\mobile_league_game\Resources\combatScene\spells\ryze5.png">
      <Filter>Resources\combatScene\spells</Filter>
    </ClInclude>
    <ClInclude Include="D:\newG\mobile_league_game\Resources\combatScene\spells\ryze6.png">
      <Filter>Resources\combatScene\spells</Filter>
    </ClInclude>
    <ClInclude Include="D:\newG\mobile_league_game\Resources\combatScene\spells\ryze7.png">
      <Filter>Resources\combatScene\spells</Filter>
    </ClInclude>
    <ClInclude Include="D:\newG\mobile_league_game\Resources\combatScene\spells\ryzeSecondSpellAnimate.zip">
      <Filter>Resources\combatScene\spells</Filter>
    </ClInclude>
    <ClInclude Include="D:\newG\mobile_league_game\Resources\fonts\Marker Felt.ttf">
      <Filter>Resources\fonts</Filter>
    </ClInclude>
    <ClInclude Include="D:\newG\mobile_league_game\Resources\fonts\arial.ttf">
      <Filter>Resources\fonts</Filter>
    </ClInclude>
    <ClInclude Include="D:\newG\mobile_league_game\Resources\heroes\ashe\asheFace.png">
      <Filter>Resources\heroes\ashe</Filter>
    </ClInclude>
    <ClInclude Include="D:\newG\mobile_league_game\Resources\heroes\ashe\bodySprite.png">
      <Filter>Resources\heroes\ashe</Filter>
    </ClInclude>
    <ClInclude Include="D:\newG\mobile_league_game\Resources\heroes\ashe\spells\first\asheFirstSpellAnimate.plist">
      <Filter>Resources\heroes\ashe\spells\first</Filter>
    </ClInclude>
    <ClInclude Include="D:\newG\mobile_league_game\Resources\heroes\ashe\spells\first\asheFirstSpellAnimate.png">
      <Filter>Resources\heroes\ashe\spells\first</Filter>
    </ClInclude>
    <ClInclude Include="D:\newG\mobile_league_game\Resources\heroes\ashe\spells\first\asheFirstSpellCooldown.plist">
      <Filter>Resources\heroes\ashe\spells\first</Filter>
    </ClInclude>
    <ClInclude Include="D:\newG\mobile_league_game\Resources\heroes\ashe\spells\first\asheFirstSpellCooldown.png">
      <Filter>Resources\heroes\ashe\spells\first</Filter>
    </ClInclude>
    <ClInclude Include="D:\newG\mobile_league_game\Resources\heroes\ashe\spells\first\asheSpell1.png">
      <Filter>Resources\heroes\ashe\spells\first</Filter>
    </ClInclude>
    <ClInclude Include="D:\newG\mobile_league_game\Resources\heroes\ashe\spells\second\asheSecondSpellAnimate.plist">
      <Filter>Resources\heroes\ashe\spells\second</Filter>
    </ClInclude>
    <ClInclude Include="D:\newG\mobile_league_game\Resources\heroes\ashe\spells\second\asheSecondSpellAnimate.png">
      <Filter>Resources\heroes\ashe\spells\second</Filter>
    </ClInclude>
    <ClInclude Include="D:\newG\mobile_league_game\Resources\heroes\ashe\spells\second\asheSecondSpellCooldown.plist">
      <Filter>Resources\heroes\ashe\spells\second</Filter>
    </ClInclude>
    <ClInclude Include="D:\newG\mobile_league_game\Resources\heroes\ashe\spells\second\asheSecondSpellCooldown.png">
      <Filter>Resources\heroes\ashe\spells\second</Filter>
    </ClInclude>
    <ClInclude Include="D:\newG\mobile_league_game\Resources\heroes\ashe\spells\second\asheSpell2.png">
      <Filter>Resources\heroes\ashe\spells\second</Filter>
    </ClInclude>
    <ClInclude Include="D:\newG\mobile_league_game\Resources\heroes\brand\brandFirstSpellAnimate.plist">
      <Filter>Resources\heroes\brand</Filter>
    </ClInclude>
    <ClInclude Include="D:\newG\mobile_league_game\Resources\heroes\brand\brandFirstSpellAnimate.png">
      <Filter>Resources\heroes\brand</Filter>
    </ClInclude>
    <ClInclude Include="D:\newG\mobile_league_game\Resources\heroes\brand\brandSprite.png">
      <Filter>Resources\heroes\brand</Filter>
    </ClInclude>
    <ClInclude Include="D:\newG\mobile_league_game\Resources\heroes\brand\brandWalkAnimate.plist">
      <Filter>Resources\heroes\brand</Filter>
    </ClInclude>
    <ClInclude Include="D:\newG\mobile_league_game\Resources\heroes\brand\brandWalkAnimate.png">
      <Filter>Resources\heroes\brand</Filter>
    </ClInclude>
    <ClInclude Include="D:\newG\mobile_league_game\Resources\heroes\cassiopeia\cassiopeiaFirstSpellAnimate.plist">
      <Filter>Resources\heroes\cassiopeia</Filter>
    </ClInclude>
    <ClInclude Include="D:\newG\mobile_league_game\Resources\heroes\cassiopeia\cassiopeiaFirstSpellAnimate.png">
      <Filter>Resources\heroes\cassiopeia</Filter>
    </ClInclude>
    <ClInclude Include="D:\newG\mobile_league_game\Resources\heroes\cassiopeia\cassiopeiaSprite.png">
      <Filter>Resources\heroes\cassiopeia</Filter>
    </ClInclude>
    <ClInclude Include="D:\newG\mobile_league_game\Resources\heroes\cassiopeia\cassiopeiaWalkAnimate.plist">
      <Filter>Resources\heroes\cassiopeia</Filter>
    </ClInclude>
    <ClInclude Include="D:\newG\mobile_league_game\Resources\heroes\cassiopeia\cassiopeiaWalkAnimate.png">
      <Filter>Resources\heroes\cassiopeia</Filter>
    </ClInclude>
    <ClInclude Include="D:\newG\mobile_league_game\Resources\heroes\darius\dariusFirstSpellAnimate.plist">
      <Filter>Resources\heroes\darius</Filter>
    </ClInclude>
    <ClInclude Include="D:\newG\mobile_league_game\Resources\heroes\darius\dariusFirstSpellAnimate.png">
      <Filter>Resources\heroes\darius</Filter>
    </ClInclude>
    <ClInclude Include="D:\newG\mobile_league_game\Resources\heroes\darius\dariusSprite.png">
      <Filter>Resources\heroes\darius</Filter>
    </ClInclude>
    <ClInclude Include="D:\newG\mobile_league_game\Resources\heroes\darius\dariusWalkAnimate.plist">
      <Filter>Resources\heroes\darius</Filter>
    </ClInclude>
    <ClInclude Include="D:\newG\mobile_league_game\Resources\heroes\darius\dariusWalkAnimate.png">
      <Filter>Resources\heroes\darius</Filter>
    </ClInclude>
    <ClInclude Include="D:\newG\mobile_league_game\Resources\heroes\elise\bodySprite (1).png">
      <Filter>Resources\heroes\elise</Filter>
    </ClInclude>
    <ClInclude Include="D:\newG\mobile_league_game\Resources\heroes\elise\bodySprite.png">
      <Filter>Resources\heroes\elise</Filter>
    </ClInclude>
    <ClInclude Include="D:\newG\mobile_league_game\Resources\heroes\elise\eliseFace.png">
      <Filter>Resources\heroes\elise</Filter>
    </ClInclude>
    <ClInclude Include="D:\newG\mobile_league_game\Resources\heroes\elise\spells\first\eliseFirstSpellAnimate.plist">
      <Filter>Resources\heroes\elise\spells\first</Filter>
    </ClInclude>
    <ClInclude Include="D:\newG\mobile_league_game\Resources\heroes\elise\spells\first\eliseFirstSpellAnimate.png">
      <Filter>Resources\heroes\elise\spells\first</Filter>
    </ClInclude>
    <ClInclude Include="D:\newG\mobile_league_game\Resources\heroes\elise\spells\first\eliseFirstSpellCooldown.plist">
      <Filter>Resources\heroes\elise\spells\first</Filter>
    </ClInclude>
    <ClInclude Include="D:\newG\mobile_league_game\Resources\heroes\elise\spells\first\eliseFirstSpellCooldown.png">
      <Filter>Resources\heroes\elise\spells\first</Filter>
    </ClInclude>
    <ClInclude Include="D:\newG\mobile_league_game\Resources\heroes\elise\spells\first\eliseSpell1.png">
      <Filter>Resources\heroes\elise\spells\first</Filter>
    </ClInclude>
    <ClInclude Include="D:\newG\mobile_league_game\Resources\heroes\elise\spells\second\eliseSecondSpellAnimate.plist">
      <Filter>Resources\heroes\elise\spells\second</Filter>
    </ClInclude>
    <ClInclude Include="D:\newG\mobile_league_game\Resources\heroes\elise\spells\second\eliseSecondSpellAnimate.png">
      <Filter>Resources\heroes\elise\spells\second</Filter>
    </ClInclude>
    <ClInclude Include="D:\newG\mobile_league_game\Resources\heroes\elise\spells\second\eliseSecondSpellCooldown.plist">
      <Filter>Resources\heroes\elise\spells\second</Filter>
    </ClInclude>
    <ClInclude Include="D:\newG\mobile_league_game\Resources\heroes\elise\spells\second\eliseSecondSpellCooldown.png">
      <Filter>Resources\heroes\elise\spells\second</Filter>
    </ClInclude>
    <ClInclude Include="D:\newG\mobile_league_game\Resources\heroes\elise\spells\second\eliseSpell2.png">
      <Filter>Resources\heroes\elise\spells\second</Filter>
    </ClInclude>
    <ClInclude Include="D:\newG\mobile_league_game\Resources\heroes\elise\walk\elise1.png">
      <Filter>Resources\heroes\elise\walk</Filter>
    </ClInclude>
    <ClInclude Include="D:\newG\mobile_league_game\Resources\heroes\elise\walk\elise2.png">
      <Filter>Resources\heroes\elise\walk</Filter>
    </ClInclude>
    <ClInclude Include="D:\newG\mobile_league_game\Resources\heroes\elise\walk\elise3.png">
      <Filter>Resources\heroes\elise\walk</Filter>
    </ClInclude>
    <ClInclude Include="D:\newG\mobile_league_game\Resources\heroes\elise\walkAnimate.zip">
      <Filter>Resources\heroes\elise</Filter>
    </ClInclude>
    <ClInclude Include="D:\newG\mobile_league_game\Resources\heroes\garen\bodySprite (1).png">
      <Filter>Resources\heroes\garen</Filter>
    </ClInclude>
    <ClInclude Include="D:\newG\mobile_league_game\Resources\heroes\garen\bodySprite (2).png">
      <Filter>Resources\heroes\garen</Filter>
    </ClInclude>
    <ClInclude Include="D:\newG\mobile_league_game\Resources\heroes\garen\bodySprite.png">
      <Filter>Resources\heroes\garen</Filter>
    </ClInclude>
    <ClInclude Include="D:\newG\mobile_league_game\Resources\heroes\garen\dcpzlh3-644e6fa2-9f6b-479a-9e00-99a2f8480110.png">
      <Filter>Resources\heroes\garen</Filter>
    </ClInclude>
    <ClInclude Include="D:\newG\mobile_league_game\Resources\heroes\garen\garenFace.png">
      <Filter>Resources\heroes\garen</Filter>
    </ClInclude>
    <ClInclude Include="D:\newG\mobile_league_game\Resources\heroes\garen\spells\first\garenFirstSpellAnimate.plist">
      <Filter>Resources\heroes\garen\spells\first</Filter>
    </ClInclude>
    <ClInclude Include="D:\newG\mobile_league_game\Resources\heroes\garen\spells\first\garenFirstSpellAnimate.png">
      <Filter>Resources\heroes\garen\spells\first</Filter>
    </ClInclude>
    <ClInclude Include="D:\newG\mobile_league_game\Resources\heroes\garen\spells\first\garenFirstSpellCooldown.plist">
      <Filter>Resources\heroes\garen\spells\first</Filter>
    </ClInclude>
    <ClInclude Include="D:\newG\mobile_league_game\Resources\heroes\garen\spells\first\garenFirstSpellCooldown.png">
      <Filter>Resources\heroes\garen\spells\first</Filter>
    </ClInclude>
    <ClInclude Include="D:\newG\mobile_league_game\Resources\heroes\garen\spells\first\garenSpell1.png">
      <Filter>Resources\heroes\garen\spells\first</Filter>
    </ClInclude>
    <ClInclude Include="D:\newG\mobile_league_game\Resources\heroes\garen\spells\second\garenSecondSpellAnimate.plist">
      <Filter>Resources\heroes\garen\spells\second</Filter>
    </ClInclude>
    <ClInclude Include="D:\newG\mobile_league_game\Resources\heroes\garen\spells\second\garenSecondSpellAnimate.png">
      <Filter>Resources\heroes\garen\spells\second</Filter>
    </ClInclude>
    <ClInclude Include="D:\newG\mobile_league_game\Resources\heroes\garen\spells\second\garenSecondSpellCooldown.plist">
      <Filter>Resources\heroes\garen\spells\second</Filter>
    </ClInclude>
    <ClInclude Include="D:\newG\mobile_league_game\Resources\heroes\garen\spells\second\garenSecondSpellCooldown.png">
      <Filter>Resources\heroes\garen\spells\second</Filter>
    </ClInclude>
    <ClInclude Include="D:\newG\mobile_league_game\Resources\heroes\garen\spells\second\garenSpell2.png">
      <Filter>Resources\heroes\garen\spells\second</Filter>
    </ClInclude>
    <ClInclude Include="D:\newG\mobile_league_game\Resources\heroes\garen\spells\second\garenspellTwoCooldown.zip">
      <Filter>Resources\heroes\garen\spells\second</Filter>
    </ClInclude>
    <ClInclude Include="D:\newG\mobile_league_game\Resources\heroes\garen\spells\second\spellTwo.zip">
      <Filter>Resources\heroes\garen\spells\second</Filter>
    </ClInclude>
    <ClInclude Include="D:\newG\mobile_league_game\Resources\heroes\irelia\ireliaFirstSpellAnimate.plist">
      <Filter>Resources\heroes\irelia</Filter>
    </ClInclude>
    <ClInclude Include="D:\newG\mobile_league_game\Resources\heroes\irelia\ireliaFirstSpellAnimate.png">
      <Filter>Resources\heroes\irelia</Filter>
    </ClInclude>
    <ClInclude Include="D:\newG\mobile_league_game\Resources\heroes\irelia\ireliaSprite.png">
      <Filter>Resources\heroes\irelia</Filter>
    </ClInclude>
    <ClInclude Include="D:\newG\mobile_league_game\Resources\heroes\irelia\ireliaWalkAnimate.plist">
      <Filter>Resources\heroes\irelia</Filter>
    </ClInclude>
    <ClInclude Include="D:\newG\mobile_league_game\Resources\heroes\irelia\ireliaWalkAnimate.png">
      <Filter>Resources\heroes\irelia</Filter>
    </ClInclude>
    <ClInclude Include="D:\newG\mobile_league_game\Resources\heroes\kaisa\bodySprite.png">
      <Filter>Resources\heroes\kaisa</Filter>
    </ClInclude>
    <ClInclude Include="D:\newG\mobile_league_game\Resources\heroes\kaisa\kaisaFace.png">
      <Filter>Resources\heroes\kaisa</Filter>
    </ClInclude>
    <ClInclude Include="D:\newG\mobile_league_game\Resources\heroes\kaisa\spells\first\kaisaFirstSpellAnimate.plist">
      <Filter>Resources\heroes\kaisa\spells\first</Filter>
    </ClInclude>
    <ClInclude Include="D:\newG\mobile_league_game\Resources\heroes\kaisa\spells\first\kaisaFirstSpellAnimate.png">
      <Filter>Resources\heroes\kaisa\spells\first</Filter>
    </ClInclude>
    <ClInclude Include="D:\newG\mobile_league_game\Resources\heroes\kaisa\spells\first\kaisaFirstSpellCooldown.plist">
      <Filter>Resources\heroes\kaisa\spells\first</Filter>
    </ClInclude>
    <ClInclude Include="D:\newG\mobile_league_game\Resources\heroes\kaisa\spells\first\kaisaFirstSpellCooldown.png">
      <Filter>Resources\heroes\kaisa\spells\first</Filter>
    </ClInclude>
    <ClInclude Include="D:\newG\mobile_league_game\Resources\heroes\kaisa\spells\first\kaisaSpell1.png">
      <Filter>Resources\heroes\kaisa\spells\first</Filter>
    </ClInclude>
    <ClInclude Include="D:\newG\mobile_league_game\Resources\heroes\kaisa\spells\second\kaisaSecondSpellAnimate.plist">
      <Filter>Resources\heroes\kaisa\spells\second</Filter>
    </ClInclude>
    <ClInclude Include="D:\newG\mobile_league_game\Resources\heroes\kaisa\spells\second\kaisaSecondSpellAnimate.png">
      <Filter>Resources\heroes\kaisa\spells\second</Filter>
    </ClInclude>
    <ClInclude Include="D:\newG\mobile_league_game\Resources\heroes\kaisa\spells\second\kaisaSecondSpellCooldown.plist">
      <Filter>Resources\heroes\kaisa\spells\second</Filter>
    </ClInclude>
    <ClInclude Include="D:\newG\mobile_league_game\Resources\heroes\kaisa\spells\second\kaisaSecondSpellCooldown.png">
      <Filter>Resources\heroes\kaisa\spells\second</Filter>
    </ClInclude>
    <ClInclude Include="D:\newG\mobile_league_game\Resources\heroes\kaisa\spells\second\kaisaSpell2.png">
      <Filter>Resources\heroes\kaisa\spells\second</Filter>
    </ClInclude>
    <ClInclude Include="D:\newG\mobile_league_game\Resources\heroes\karthus\karthusFirstSpellAnimate.plist">
      <Filter>Resources\heroes\karthus</Filter>
    </ClInclude>
    <ClInclude Include="D:\newG\mobile_league_game\Resources\heroes\karthus\karthusFirstSpellAnimate.png">
      <Filter>Resources\heroes\karthus</Filter>
    </ClInclude>
    <ClInclude Include="D:\newG\mobile_league_game\Resources\heroes\karthus\karthusSprite.png">
      <Filter>Resources\heroes\karthus</Filter>
    </ClInclude>
    <ClInclude Include="D:\newG\mobile_league_game\Resources\heroes\karthus\karthusWalkAnimate.plist">
      <Filter>Resources\heroes\karthus</Filter>
    </ClInclude>
    <ClInclude Include="D:\newG\mobile_league_game\Resources\heroes\karthus\karthusWalkAnimate.png">
      <Filter>Resources\heroes\karthus</Filter>
    </ClInclude>
    <ClInclude Include="D:\newG\mobile_league_game\Resources\heroes\katarina\bodySprite.png">
      <Filter>Resources\heroes\katarina</Filter>
    </ClInclude>
    <ClInclude Include="D:\newG\mobile_league_game\Resources\heroes\katarina\katarinaFace.png">
      <Filter>Resources\heroes\katarina</Filter>
    </ClInclude>
    <ClInclude Include="D:\newG\mobile_league_game\Resources\heroes\katarina\spells\first\katarinaFirstSpellAnimate.plist">
      <Filter>Resources\heroes\katarina\spells\first</Filter>
    </ClInclude>
    <ClInclude Include="D:\newG\mobile_league_game\Resources\heroes\katarina\spells\first\katarinaFirstSpellAnimate.png">
      <Filter>Resources\heroes\katarina\spells\first</Filter>
    </ClInclude>
    <ClInclude Include="D:\newG\mobile_league_game\Resources\heroes\katarina\spells\first\katarinaFirstSpellCooldown.plist">
      <Filter>Resources\heroes\katarina\spells\first</Filter>
    </ClInclude>
    <ClInclude Include="D:\newG\mobile_league_game\Resources\heroes\katarina\spells\first\katarinaFirstSpellCooldown.png">
      <Filter>Resources\heroes\katarina\spells\first</Filter>
    </ClInclude>
    <ClInclude Include="D:\newG\mobile_league_game\Resources\heroes\katarina\spells\first\katarinaSpell1.png">
      <Filter>Resources\heroes\katarina\spells\first</Filter>
    </ClInclude>
    <ClInclude Include="D:\newG\mobile_league_game\Resources\heroes\katarina\spells\second\katarinaSecondSpellAnimate.plist">
      <Filter>Resources\heroes\katarina\spells\second</Filter>
    </ClInclude>
    <ClInclude Include="D:\newG\mobile_league_game\Resources\heroes\katarina\spells\second\katarinaSecondSpellAnimate.png">
      <Filter>Resources\heroes\katarina\spells\second</Filter>
    </ClInclude>
    <ClInclude Include="D:\newG\mobile_league_game\Resources\heroes\katarina\spells\second\katarinaSecondSpellCooldown.plist">
      <Filter>Resources\heroes\katarina\spells\second</Filter>
    </ClInclude>
    <ClInclude Include="D:\newG\mobile_league_game\Resources\heroes\katarina\spells\second\katarinaSecondSpellCooldown.png">
      <Filter>Resources\heroes\katarina\spells\second</Filter>
    </ClInclude>
    <ClInclude Include="D:\newG\mobile_league_game\Resources\heroes\katarina\spells\second\katarinaSpell2.png">
      <Filter>Resources\heroes\katarina\spells\second</Filter>
    </ClInclude>
    <ClInclude Include="D:\newG\mobile_league_game\Resources\heroes\kogmaw\kogmawFirstSpellAnimate.plist">
      <Filter>Resources\heroes\kogmaw</Filter>
    </ClInclude>
    <ClInclude Include="D:\newG\mobile_league_game\Resources\heroes\kogmaw\kogmawFirstSpellAnimate.png">
      <Filter>Resources\heroes\kogmaw</Filter>
    </ClInclude>
    <ClInclude Include="D:\newG\mobile_league_game\Resources\heroes\kogmaw\kogmawSprite.png">
      <Filter>Resources\heroes\kogmaw</Filter>
    </ClInclude>
    <ClInclude Include="D:\newG\mobile_league_game\Resources\heroes\kogmaw\kogmawWalkAnimate.plist">
      <Filter>Resources\heroes\kogmaw</Filter>
    </ClInclude>
    <ClInclude Include="D:\newG\mobile_league_game\Resources\heroes\kogmaw\kogmawWalkAnimate.png">
      <Filter>Resources\heroes\kogmaw</Filter>
    </ClInclude>
    <ClInclude Include="D:\newG\mobile_league_game\Resources\heroes\lucian\lucianFirstSpellAnimate.plist">
      <Filter>Resources\heroes\lucian</Filter>
    </ClInclude>
    <ClInclude Include="D:\newG\mobile_league_game\Resources\heroes\lucian\lucianFirstSpellAnimate.png">
      <Filter>Resources\heroes\lucian</Filter>
    </ClInclude>
    <ClInclude Include="D:\newG\mobile_league_game\Resources\heroes\lucian\lucianSprite.png">
      <Filter>Resources\heroes\lucian</Filter>
    </ClInclude>
    <ClInclude Include="D:\newG\mobile_league_game\Resources\heroes\lucian\lucianWalkAnimate.plist">
      <Filter>Resources\heroes\lucian</Filter>
    </ClInclude>
    <ClInclude Include="D:\newG\mobile_league_game\Resources\heroes\lucian\lucianWalkAnimate.png">
      <Filter>Resources\heroes\lucian</Filter>
    </ClInclude>
    <ClInclude Include="D:\newG\mobile_league_game\Resources\heroes\malhazar\malhazarFirstSpellAnimate.plist">
      <Filter>Resources\heroes\malhazar</Filter>
    </ClInclude>
    <ClInclude Include="D:\newG\mobile_league_game\Resources\heroes\malhazar\malhazarFirstSpellAnimate.png">
      <Filter>Resources\heroes\malhazar</Filter>
    </ClInclude>
    <ClInclude Include="D:\newG\mobile_league_game\Resources\heroes\malhazar\malhazarSprite.png">
      <Filter>Resources\heroes\malhazar</Filter>
    </ClInclude>
    <ClInclude Include="D:\newG\mobile_league_game\Resources\heroes\malhazar\malhazarWalkAnimate.plist">
      <Filter>Resources\heroes\malhazar</Filter>
    </ClInclude>
    <ClInclude Include="D:\newG\mobile_league_game\Resources\heroes\malhazar\malhazarWalkAnimate.png">
      <Filter>Resources\heroes\malhazar</Filter>
    </ClInclude>
    <ClInclude Include="D:\newG\mobile_league_game\Resources\heroes\pantheon\pantheonFirstSpellAnimate.plist">
      <Filter>Resources\heroes\pantheon</Filter>
    </ClInclude>
    <ClInclude Include="D:\newG\mobile_league_game\Resources\heroes\pantheon\pantheonFirstSpellAnimate.png">
      <Filter>Resources\heroes\pantheon</Filter>
    </ClInclude>
    <ClInclude Include="D:\newG\mobile_league_game\Resources\heroes\pantheon\pantheonSprite.png">
      <Filter>Resources\heroes\pantheon</Filter>
    </ClInclude>
    <ClInclude Include="D:\newG\mobile_league_game\Resources\heroes\pantheon\pantheonWalkAnimate.plist">
      <Filter>Resources\heroes\pantheon</Filter>
    </ClInclude>
    <ClInclude Include="D:\newG\mobile_league_game\Resources\heroes\pantheon\pantheonWalkAnimate.png">
      <Filter>Resources\heroes\pantheon</Filter>
    </ClInclude>
    <ClInclude Include="D:\newG\mobile_league_game\Resources\heroes\ryze\bodySprite.png">
      <Filter>Resources\heroes\ryze</Filter>
    </ClInclude>
    <ClInclude Include="D:\newG\mobile_league_game\Resources\heroes\ryze\ryzeFace.png">
      <Filter>Resources\heroes\ryze</Filter>
    </ClInclude>
    <ClInclude Include="D:\newG\mobile_league_game\Resources\heroes\ryze\spells\first\ryzeFirstSpellAnimate.plist">
      <Filter>Resources\heroes\ryze\spells\first</Filter>
    </ClInclude>
    <ClInclude Include="D:\newG\mobile_league_game\Resources\heroes\ryze\spells\first\ryzeFirstSpellAnimate.png">
      <Filter>Resources\heroes\ryze\spells\first</Filter>
    </ClInclude>
    <ClInclude Include="D:\newG\mobile_league_game\Resources\heroes\ryze\spells\first\ryzeFirstSpellCooldown.plist">
      <Filter>Resources\heroes\ryze\spells\first</Filter>
    </ClInclude>
    <ClInclude Include="D:\newG\mobile_league_game\Resources\heroes\ryze\spells\first\ryzeFirstSpellCooldown.png">
      <Filter>Resources\heroes\ryze\spells\first</Filter>
    </ClInclude>
    <ClInclude Include="D:\newG\mobile_league_game\Resources\heroes\ryze\spells\first\ryzeSpell1.png">
      <Filter>Resources\heroes\ryze\spells\first</Filter>
    </ClInclude>
    <ClInclude Include="D:\newG\mobile_league_game\Resources\heroes\ryze\spells\second\ryzeSecondSpellAnimate.plist">
      <Filter>Resources\heroes\ryze\spells\second</Filter>
    </ClInclude>
    <ClInclude Include="D:\newG\mobile_league_game\Resources\heroes\ryze\spells\second\ryzeSecondSpellAnimate.png">
      <Filter>Resources\heroes\ryze\spells\second</Filter>
    </ClInclude>
    <ClInclude Include="D:\newG\mobile_league_game\Resources\heroes\ryze\spells\second\ryzeSecondSpellCooldown.plist">
      <Filter>Resources\heroes\ryze\spells\second</Filter>
    </ClInclude>
    <ClInclude Include="D:\newG\mobile_league_game\Resources\heroes\ryze\spells\second\ryzeSecondSpellCooldown.png">
      <Filter>Resources\heroes\ryze\spells\second</Filter>
    </ClInclude>
    <ClInclude Include="D:\newG\mobile_league_game\Resources\heroes\ryze\spells\second\ryzeSpell2.png">
      <Filter>Resources\heroes\ryze\spells\second</Filter>
    </ClInclude>
    <ClInclude Include="D:\newG\mobile_league_game\Resources\heroes\taliyah\taLiyahFirstSpellAnimate.plist">
      <Filter>Resources\heroes\taliyah</Filter>
    </ClInclude>
    <ClInclude Include="D:\newG\mobile_league_game\Resources\heroes\taliyah\taLiyahFirstSpellAnimate.png">
      <Filter>Resources\heroes\taliyah</Filter>
    </ClInclude>
    <ClInclude Include="D:\newG\mobile_league_game\Resources\heroes\taliyah\taLiyahSprite.png">
      <Filter>Resources\heroes\taliyah</Filter>
    </ClInclude>
    <ClInclude Include="D:\newG\mobile_league_game\Resources\heroes\taliyah\taLiyahWalkAnimate.plist">
      <Filter>Resources\heroes\taliyah</Filter>
    </ClInclude>
    <ClInclude Include="D:\newG\mobile_league_game\Resources\heroes\taliyah\taLiyahWalkAnimate.png">
      <Filter>Resources\heroes\taliyah</Filter>
    </ClInclude>
    <ClInclude Include="D:\newG\mobile_league_game\Resources\heroes\twisted_fate\bodySprite.png">
      <Filter>Resources\heroes\twisted_fate</Filter>
    </ClInclude>
    <ClInclude Include="D:\newG\mobile_league_game\Resources\heroes\twisted_fate\spells\first\card1.png">
      <Filter>Resources\heroes\twisted_fate\spells\first</Filter>
    </ClInclude>
    <ClInclude Include="D:\newG\mobile_league_game\Resources\heroes\twisted_fate\spells\first\card2.png">
      <Filter>Resources\heroes\twisted_fate\spells\first</Filter>
    </ClInclude>
    <ClInclude Include="D:\newG\mobile_league_game\Resources\heroes\twisted_fate\spells\first\card3.png">
      <Filter>Resources\heroes\twisted_fate\spells\first</Filter>
    </ClInclude>
    <ClInclude Include="D:\newG\mobile_league_game\Resources\heroes\twisted_fate\spells\first\tf1.plist">
      <Filter>Resources\heroes\twisted_fate\spells\first</Filter>
    </ClInclude>
    <ClInclude Include="D:\newG\mobile_league_game\Resources\heroes\twisted_fate\spells\first\tf1.png">
      <Filter>Resources\heroes\twisted_fate\spells\first</Filter>
    </ClInclude>
    <ClInclude Include="D:\newG\mobile_league_game\Resources\heroes\twisted_fate\spells\first\tf2.plist">
      <Filter>Resources\heroes\twisted_fate\spells\first</Filter>
    </ClInclude>
    <ClInclude Include="D:\newG\mobile_league_game\Resources\heroes\twisted_fate\spells\first\tf2.png">
      <Filter>Resources\heroes\twisted_fate\spells\first</Filter>
    </ClInclude>
    <ClInclude Include="D:\newG\mobile_league_game\Resources\heroes\twisted_fate\spells\first\tf3.plist">
      <Filter>Resources\heroes\twisted_fate\spells\first</Filter>
    </ClInclude>
    <ClInclude Include="D:\newG\mobile_league_game\Resources\heroes\twisted_fate\spells\first\tf3.png">
      <Filter>Resources\heroes\twisted_fate\spells\first</Filter>
    </ClInclude>
    <ClInclude Include="D:\newG\mobile_league_game\Resources\heroes\twisted_fate\spells\first\twisted_fateFirstSpellAnimate.plist">
      <Filter>Resources\heroes\twisted_fate\spells\first</Filter>
    </ClInclude>
    <ClInclude Include="D:\newG\mobile_league_game\Resources\heroes\twisted_fate\spells\first\twisted_fateFirstSpellAnimate.png">
      <Filter>Resources\heroes\twisted_fate\spells\first</Filter>
    </ClInclude>
    <ClInclude Include="D:\newG\mobile_league_game\Resources\heroes\twisted_fate\spells\first\twisted_fateFirstSpellCooldown.plist">
      <Filter>Resources\heroes\twisted_fate\spells\first</Filter>
    </ClInclude>
    <ClInclude Include="D:\newG\mobile_league_game\Resources\heroes\twisted_fate\spells\first\twisted_fateFirstSpellCooldown.png">
      <Filter>Resources\heroes\twisted_fate\spells\first</Filter>
    </ClInclude>
    <ClInclude Include="D:\newG\mobile_league_game\Resources\heroes\twisted_fate\spells\first\twisted_fateSpell1.png">
      <Filter>Resources\heroes\twisted_fate\spells\first</Filter>
    </ClInclude>
    <ClInclude Include="D:\newG\mobile_league_game\Resources\heroes\twisted_fate\spells\second\twisted_fate1.png">
      <Filter>Resources\heroes\twisted_fate\spells\second</Filter>
    </ClInclude>
    <ClInclude Include="D:\newG\mobile_league_game\Resources\heroes\twisted_fate\spells\second\twisted_fate2.png">
      <Filter>Resources\heroes\twisted_fate\spells\second</Filter>
    </ClInclude>
    <ClInclude Include="D:\newG\mobile_league_game\Resources\heroes\twisted_fate\spells\second\twisted_fate3.png">
      <Filter>Resources\heroes\twisted_fate\spells\second</Filter>
    </ClInclude>
    <ClInclude Include="D:\newG\mobile_league_game\Resources\heroes\twisted_fate\spells\second\twisted_fate4.png">
      <Filter>Resources\heroes\twisted_fate\spells\second</Filter>
    </ClInclude>
    <ClInclude Include="D:\newG\mobile_league_game\Resources\heroes\twisted_fate\spells\second\twisted_fate5.png">
      <Filter>Resources\heroes\twisted_fate\spells\second</Filter>
    </ClInclude>
    <ClInclude Include="D:\newG\mobile_league_game\Resources\heroes\twisted_fate\spells\second\twisted_fate6.png">
      <Filter>Resources\heroes\twisted_fate\spells\second</Filter>
    </ClInclude>
    <ClInclude Include="D:\newG\mobile_league_game\Resources\heroes\twisted_fate\spells\second\twisted_fateSecondSpellAnimate.plist">
      <Filter>Resources\heroes\twisted_fate\spells\second</Filter>
    </ClInclude>
    <ClInclude Include="D:\newG\mobile_league_game\Resources\heroes\twisted_fate\spells\second\twisted_fateSecondSpellAnimate.png">
      <Filter>Resources\heroes\twisted_fate\spells\second</Filter>
    </ClInclude>
    <ClInclude Include="D:\newG\mobile_league_game\Resources\heroes\twisted_fate\spells\second\twisted_fateSecondSpellCooldown.plist">
      <Filter>Resources\heroes\twisted_fate\spells\second</Filter>
    </ClInclude>
    <ClInclude Include="D:\newG\mobile_league_game\Resources\heroes\twisted_fate\spells\second\twisted_fateSecondSpellCooldown.png">
      <Filter>Resources\heroes\twisted_fate\spells\second</Filter>
    </ClInclude>
    <ClInclude Include="D:\newG\mobile_league_game\Resources\heroes\twisted_fate\spells\second\twisted_fateSpell2.png">
      <Filter>Resources\heroes\twisted_fate\spells\second</Filter>
    </ClInclude>
    <ClInclude Include="D:\newG\mobile_league_game\Resources\heroes\twisted_fate\twisted_fateFace.png">
      <Filter>Resources\heroes\twisted_fate</Filter>
    </ClInclude>
    <ClInclude Include="D:\newG\mobile_league_game\Resources\heroes\yuumi\yuumiFirstSpellAnimate.plist">
      <Filter>Resources\heroes\yuumi</Filter>
    </ClInclude>
    <ClInclude Include="D:\newG\mobile_league_game\Resources\heroes\yuumi\yuumiFirstSpellAnimate.png">
      <Filter>Resources\heroes\yuumi</Filter>
    </ClInclude>
    <ClInclude Include="D:\newG\mobile_league_game\Resources\heroes\yuumi\yuumiSprite.png">
      <Filter>Resources\heroes\yuumi</Filter>
    </ClInclude>
    <ClInclude Include="D:\newG\mobile_league_game\Resources\heroes\yuumi\yuumiWalkAnimate.plist">
      <Filter>Resources\heroes\yuumi</Filter>
    </ClInclude>
    <ClInclude Include="D:\newG\mobile_league_game\Resources\heroes\yuumi\yuumiWalkAnimate.png">
      <Filter>Resources\heroes\yuumi</Filter>
    </ClInclude>
    <ClInclude Include="D:\newG\mobile_league_game\Resources\other\padlock.png">
      <Filter>Resources\other</Filter>
    </ClInclude>
    <ClInclude Include="D:\newG\mobile_league_game\Resources\other\sign.png">
      <Filter>Resources\other</Filter>
    </ClInclude>
    <ClInclude Include="D:\newG\mobile_league_game\Resources\popups\lost.png">
      <Filter>Resources\popups</Filter>
    </ClInclude>
    <ClInclude Include="D:\newG\mobile_league_game\Resources\popups\noMoneyPopup.png">
      <Filter>Resources\popups</Filter>
    </ClInclude>
    <ClInclude Include="D:\newG\mobile_league_game\Resources\popups\ownedPopup.png">
      <Filter>Resources\popups</Filter>
    </ClInclude>
    <ClInclude Include="D:\newG\mobile_league_game\Resources\popups\popup.png">
      <Filter>Resources\popups</Filter>
    </ClInclude>
    <ClInclude Include="D:\newG\mobile_league_game\Resources\res\.gitkeep">
      <Filter>Resources\res</Filter>
    </ClInclude>
    <ClInclude Include="D:\newG\mobile_league_game\Resources\shop\2x.png">
      <Filter>Resources\shop</Filter>
    </ClInclude>
    <ClInclude Include="D:\newG\mobile_league_game\Resources\shop\3x.png">
      <Filter>Resources\shop</Filter>
    </ClInclude>
    <ClInclude Include="D:\newG\mobile_league_game\Resources\shop\4x.png">
      <Filter>Resources\shop</Filter>
    </ClInclude>
    <ClInclude Include="D:\newG\mobile_league_game\Resources\shop\5x.png">
      <Filter>Resources\shop</Filter>
    </ClInclude>
    <ClInclude Include="D:\newG\mobile_league_game\Resources\shop\ashe.png">
      <Filter>Resources\shop</Filter>
    </ClInclude>
    <ClInclude Include="D:\newG\mobile_league_game\Resources\shop\book.png">
      <Filter>Resources\shop</Filter>
    </ClInclude>
    <ClInclude Include="D:\newG\mobile_league_game\Resources\shop\elise.png">
      <Filter>Resources\shop</Filter>
    </ClInclude>
    <ClInclude Include="D:\newG\mobile_league_game\Resources\shop\garen.png">
      <Filter>Resources\shop</Filter>
    </ClInclude>
    <ClInclude Include="D:\newG\mobile_league_game\Resources\shop\hex.png">
      <Filter>Resources\shop</Filter>
    </ClInclude>
    <ClInclude Include="D:\newG\mobile_league_game\Resources\shop\kaisa.png">
      <Filter>Resources\shop</Filter>
    </ClInclude>
    <ClInclude Include="D:\newG\mobile_league_game\Resources\shop\katarina.png">
      <Filter>Resources\shop</Filter>
    </ClInclude>
    <ClInclude Include="D:\newG\mobile_league_game\Resources\shop\ryze.png">
      <Filter>Resources\shop</Filter>
    </ClInclude>
    <ClInclude Include="D:\newG\mobile_league_game\Resources\shop\shop.png">
      <Filter>Resources\shop</Filter>
    </ClInclude>
    <ClInclude Include="D:\newG\mobile_league_game\Resources\shop\sword.png">
      <Filter>Resources\shop</Filter>
    </ClInclude>
    <ClInclude Include="D:\newG\mobile_league_game\Resources\shop\talisman.png">
      <Filter>Resources\shop</Filter>
    </ClInclude>
    <ClInclude Include="D:\newG\mobile_league_game\Resources\shop\twisted_fate.png">
      <Filter>Resources\shop</Filter>
    </ClInclude>
    <ClInclude Include="D:\newG\mobile_league_game\Resources\teleport\0.png">
      <Filter>Resources\teleport</Filter>
    </ClInclude>
    <ClInclude Include="D:\newG\mobile_league_game\Resources\teleport\1.png">
      <Filter>Resources\teleport</Filter>
    </ClInclude>
    <ClInclude Include="D:\newG\mobile_league_game\Resources\teleport\tp.plist">
      <Filter>Resources\teleport</Filter>
    </ClInclude>
    <ClInclude Include="D:\newG\mobile_league_game\Resources\teleport\tp.png">
      <Filter>Resources\teleport</Filter>
    </ClInclude>
    <ClInclude Include="D:\newG\mobile_league_game\Resources\teleport\tp2.png">
      <Filter>Resources\teleport</Filter>
    </ClInclude>
    <ClInclude Include="D:\newG\mobile_league_game\Resources\teleport\tp3.png">
      <Filter>Resources\teleport</Filter>
    </ClInclude>
    <ClInclude Include="D:\newG\mobile_league_game\Resources\worldMap\islandLevel1.png">
      <Filter>Resources\worldMap</Filter>
    </ClInclude>
    <ClInclude Include="D:\newG\mobile_league_game\Resources\worldMap\islandLevel10.png">
      <Filter>Resources\worldMap</Filter>
    </ClInclude>
    <ClInclude Include="D:\newG\mobile_league_game\Resources\worldMap\islandLevel2.png">
      <Filter>Resources\worldMap</Filter>
    </ClInclude>
    <ClInclude Include="D:\newG\mobile_league_game\Resources\worldMap\islandLevel3.png">
      <Filter>Resources\worldMap</Filter>
    </ClInclude>
    <ClInclude Include="D:\newG\mobile_league_game\Resources\worldMap\islandLevel4.png">
      <Filter>Resources\worldMap</Filter>
    </ClInclude>
    <ClInclude Include="D:\newG\mobile_league_game\Resources\worldMap\islandLevel5.png">
      <Filter>Resources\worldMap</Filter>
    </ClInclude>
    <ClInclude Include="D:\newG\mobile_league_game\Resources\worldMap\islandLevel6.png">
      <Filter>Resources\worldMap</Filter>
    </ClInclude>
    <ClInclude Include="D:\newG\mobile_league_game\Resources\worldMap\islandLevel7.png">
      <Filter>Resources\worldMap</Filter>
    </ClInclude>
    <ClInclude Include="D:\newG\mobile_league_game\Resources\worldMap\islandLevel8.png">
      <Filter>Resources\worldMap</Filter>
    </ClInclude>
    <ClInclude Include="D:\newG\mobile_league_game\Resources\worldMap\islandLevel9.png">
      <Filter>Resources\worldMap</Filter>
    </ClInclude>
    <ClInclude Include="..\Classes\AppDelegate.h">
      <Filter>Source Files\Classes</Filter>
    </ClInclude>
    <ClInclude Include="..\Classes\AllyHeroes\AllyHero.h">
      <Filter>Source Files\Classes\AllyHeroes</Filter>
    </ClInclude>
    <ClInclude Include="..\Classes\AllyHeroes\Ashe\Ashe.h">
      <Filter>Source Files\Classes\AllyHeroes</Filter>
    </ClInclude>
    <ClInclude Include="..\Classes\AllyHeroes\Elise\Elise.h">
      <Filter>Source Files\Classes\AllyHeroes</Filter>
    </ClInclude>
    <ClInclude Include="..\Classes\AllyHeroes\Garen\Garen.h">
      <Filter>Source Files\Classes\AllyHeroes</Filter>
    </ClInclude>
    <ClInclude Include="..\Classes\AllyHeroes\Kaisa\Kaisa.h">
      <Filter>Source Files\Classes\AllyHeroes</Filter>
    </ClInclude>
    <ClInclude Include="..\Classes\AllyHeroes\Katarina\Katarina.h">
      <Filter>Source Files\Classes\AllyHeroes</Filter>
    </ClInclude>
    <ClInclude Include="..\Classes\AllyHeroes\Ryze\Ryze.h">
      <Filter>Source Files\Classes\AllyHeroes</Filter>
    </ClInclude>
    <ClInclude Include="..\Classes\AllyHeroes\Twisted_Fate\Twisted_Fate.h">
      <Filter>Source Files\Classes\AllyHeroes</Filter>
    </ClInclude>
    <ClInclude Include="..\Classes\EnemyHeroes\Brand\Brand.h">
      <Filter>Source Files\Classes\EnemyHeroes</Filter>
    </ClInclude>
    <ClInclude Include="..\Classes\EnemyHeroes\Cassiopeia\Cassiopeia.h">
      <Filter>Source Files\Classes\EnemyHeroes</Filter>
    </ClInclude>
    <ClInclude Include="..\Classes\EnemyHeroes\Darius\Darius.h">
      <Filter>Source Files\Classes\EnemyHeroes</Filter>
    </ClInclude>
    <ClInclude Include="..\Classes\EnemyHeroes\EnemyHero.h">
      <Filter>Source Files\Classes\EnemyHeroes</Filter>
    </ClInclude>
    <ClInclude Include="..\Classes\EnemyHeroes\Irelia\Irelia.h">
      <Filter>Source Files\Classes\EnemyHeroes</Filter>
    </ClInclude>
    <ClInclude Include="..\Classes\EnemyHeroes\Karthus\Karthus.h">
      <Filter>Source Files\Classes\EnemyHeroes</Filter>
    </ClInclude>
    <ClInclude Include="..\Classes\EnemyHeroes\Kogmaw\Kogmaw.h">
      <Filter>Source Files\Classes\EnemyHeroes</Filter>
    </ClInclude>
    <ClInclude Include="..\Classes\EnemyHeroes\Lucian\Lucian.h">
      <Filter>Source Files\Classes\EnemyHeroes</Filter>
    </ClInclude>
    <ClInclude Include="..\Classes\EnemyHeroes\Malhazar\Malhazar.h">
      <Filter>Source Files\Classes\EnemyHeroes</Filter>
    </ClInclude>
    <ClInclude Include="..\Classes\EnemyHeroes\Pantheon\Pantheon.h">
      <Filter>Source Files\Classes\EnemyHeroes</Filter>
    </ClInclude>
    <ClInclude Include="..\Classes\EnemyHeroes\Taliyah\Taliyah.h">
      <Filter>Source Files\Classes\EnemyHeroes</Filter>
    </ClInclude>
    <ClInclude Include="..\Classes\EnemyHeroes\Yuumi\Yuumi.h">
      <Filter>Source Files\Classes\EnemyHeroes</Filter>
    </ClInclude>
    <ClInclude Include="..\Classes\Objects\Shop\Shop.h">
      <Filter>Source Files\Classes\Objects</Filter>
    </ClInclude>
    <ClInclude Include="..\Classes\Objects\Teleport\Teleport.h">
      <Filter>Source Files\Classes\Objects</Filter>
    </ClInclude>
    <ClInclude Include="..\Classes\Scenes\ArtifactView\ArtifactView.h">
      <Filter>Source Files\Classes\Scenes</Filter>
    </ClInclude>
    <ClInclude Include="..\Classes\Scenes\GameScene\GameScene.h">
      <Filter>Source Files\Classes\Scenes</Filter>
    </ClInclude>
    <ClInclude Include="..\Classes\Scenes\LevelScene\LevelScene.h">
      <Filter>Source Files\Classes\Scenes</Filter>
    </ClInclude>
    <ClInclude Include="..\Classes\Scenes\MenuScene\MenuScene.h">
      <Filter>Source Files\Classes\Scenes</Filter>
    </ClInclude>
    <ClInclude Include="..\Classes\Scenes\WorldMap\WorldMap.h">
      <Filter>Source Files\Classes\Scenes</Filter>
    </ClInclude>
  </ItemGroup>
  <ItemGroup>
    <CustomBuild Include="D:\newG\mobile_league_game\CMakeLists.txt" />
  </ItemGroup>
  <ItemGroup>
    <ResourceCompile Include="D:\newG\mobile_league_game\proj.win32\game.rc">
      <Filter>Source Files\proj.win32</Filter>
    </ResourceCompile>
  </ItemGroup>
  <ItemGroup>
    <Filter Include="Resources">
      <UniqueIdentifier>{8287DF05-4B26-3801-A864-AB6EBADE19F2}</UniqueIdentifier>
    </Filter>
    <Filter Include="Resources\artefacts">
      <UniqueIdentifier>{DEA61AFD-6251-3065-B816-7EF9EC02B9EB}</UniqueIdentifier>
    </Filter>
    <Filter Include="Resources\backgrounds">
      <UniqueIdentifier>{E886F273-F629-3A57-8C1C-DF7826F7AAFE}</UniqueIdentifier>
    </Filter>
    <Filter Include="Resources\buttons">
      <UniqueIdentifier>{54F3F3A7-B2FD-33A1-84DA-D2E4A24EDC51}</UniqueIdentifier>
    </Filter>
    <Filter Include="Resources\combatScene">
      <UniqueIdentifier>{240B5083-F240-3CE2-AC42-030CD79A0F55}</UniqueIdentifier>
    </Filter>
    <Filter Include="Resources\combatScene\spells">
      <UniqueIdentifier>{B2B22DAA-D01A-3524-B0FF-D200ABCA5AB6}</UniqueIdentifier>
    </Filter>
    <Filter Include="Resources\fonts">
      <UniqueIdentifier>{B464DCD1-0C85-3D8D-B2DB-4B00D9AFAE14}</UniqueIdentifier>
    </Filter>
    <Filter Include="Resources\heroes">
      <UniqueIdentifier>{EBF6AD05-AF96-367A-A7F9-BBD1C8FACE6C}</UniqueIdentifier>
    </Filter>
    <Filter Include="Resources\heroes\ashe">
      <UniqueIdentifier>{0F3BAB0E-6927-328C-90E7-C124A75247FC}</UniqueIdentifier>
    </Filter>
    <Filter Include="Resources\heroes\ashe\spells">
      <UniqueIdentifier>{4B870CA6-EFA5-3FBF-A2DD-F6F79A3BD64F}</UniqueIdentifier>
    </Filter>
    <Filter Include="Resources\heroes\ashe\spells\first">
      <UniqueIdentifier>{DC2CD4D4-58EF-365E-9978-ED2ED61F2577}</UniqueIdentifier>
    </Filter>
    <Filter Include="Resources\heroes\ashe\spells\second">
      <UniqueIdentifier>{60C7FC72-FF7C-39F4-82A7-F16649FA74A5}</UniqueIdentifier>
    </Filter>
    <Filter Include="Resources\heroes\brand">
      <UniqueIdentifier>{EA9AB402-3A7F-3AC5-A29B-B8FC48D06753}</UniqueIdentifier>
    </Filter>
    <Filter Include="Resources\heroes\cassiopeia">
      <UniqueIdentifier>{01FC0B10-2A2E-3454-961F-E42E0574503A}</UniqueIdentifier>
    </Filter>
    <Filter Include="Resources\heroes\darius">
      <UniqueIdentifier>{1F45CC71-7BDD-3C90-97F2-54A66BFF270B}</UniqueIdentifier>
    </Filter>
    <Filter Include="Resources\heroes\elise">
      <UniqueIdentifier>{A861CFAA-2BFE-3D20-A6B5-353620BD3BD1}</UniqueIdentifier>
    </Filter>
    <Filter Include="Resources\heroes\elise\spells">
      <UniqueIdentifier>{68024AA6-105B-3371-B8D5-482877D74356}</UniqueIdentifier>
    </Filter>
    <Filter Include="Resources\heroes\elise\spells\first">
      <UniqueIdentifier>{B729D363-3F6B-3243-9930-297390B47786}</UniqueIdentifier>
    </Filter>
    <Filter Include="Resources\heroes\elise\spells\second">
      <UniqueIdentifier>{2C6E5EB6-85A7-302C-BF8D-A0FAB5387CC0}</UniqueIdentifier>
    </Filter>
    <Filter Include="Resources\heroes\elise\walk">
      <UniqueIdentifier>{0D6A1EB8-1D9C-39B8-8470-785F45744E02}</UniqueIdentifier>
    </Filter>
    <Filter Include="Resources\heroes\garen">
      <UniqueIdentifier>{2A2A0624-6BB7-3349-A5C9-74B1A6A7FE46}</UniqueIdentifier>
    </Filter>
    <Filter Include="Resources\heroes\garen\spells">
      <UniqueIdentifier>{E8AF9EE6-3E15-385F-ACA3-08C94C98C472}</UniqueIdentifier>
    </Filter>
    <Filter Include="Resources\heroes\garen\spells\first">
      <UniqueIdentifier>{4ADA4262-0A14-31AE-A538-294DE067C6CB}</UniqueIdentifier>
    </Filter>
    <Filter Include="Resources\heroes\garen\spells\second">
      <UniqueIdentifier>{2C693DFE-0B09-39DB-BC9B-CD034F6BD7E4}</UniqueIdentifier>
    </Filter>
    <Filter Include="Resources\heroes\irelia">
      <UniqueIdentifier>{EF6FC555-3977-38F4-ADC6-C9522FD0C872}</UniqueIdentifier>
    </Filter>
    <Filter Include="Resources\heroes\kaisa">
      <UniqueIdentifier>{B3E82649-0D1B-30F1-B137-8F351BEBEE00}</UniqueIdentifier>
    </Filter>
    <Filter Include="Resources\heroes\kaisa\spells">
      <UniqueIdentifier>{6C582571-9FD4-3FC6-837E-133AEE65EBDA}</UniqueIdentifier>
    </Filter>
    <Filter Include="Resources\heroes\kaisa\spells\first">
      <UniqueIdentifier>{A386FB6D-BD8B-3E70-A32F-612181DAF47E}</UniqueIdentifier>
    </Filter>
    <Filter Include="Resources\heroes\kaisa\spells\second">
      <UniqueIdentifier>{3B499C6D-075E-3617-8C35-AAEA51B5E94F}</UniqueIdentifier>
    </Filter>
    <Filter Include="Resources\heroes\karthus">
      <UniqueIdentifier>{B0E67AFF-A191-37B5-911C-BBD10DDAB89D}</UniqueIdentifier>
    </Filter>
    <Filter Include="Resources\heroes\katarina">
      <UniqueIdentifier>{3B98B778-AD91-3C26-B0F6-CAF8BE120C0A}</UniqueIdentifier>
    </Filter>
    <Filter Include="Resources\heroes\katarina\spells">
      <UniqueIdentifier>{29295ACB-D441-33DB-981B-D9D898D4DA6B}</UniqueIdentifier>
    </Filter>
    <Filter Include="Resources\heroes\katarina\spells\first">
      <UniqueIdentifier>{EA2C75C8-4B35-3723-9E84-89F81B818393}</UniqueIdentifier>
    </Filter>
    <Filter Include="Resources\heroes\katarina\spells\second">
      <UniqueIdentifier>{EE8A25ED-96A2-3788-B2B8-0F08E37EE33C}</UniqueIdentifier>
    </Filter>
    <Filter Include="Resources\heroes\kogmaw">
      <UniqueIdentifier>{26302879-B33B-3B24-A9B8-371F8C9F455A}</UniqueIdentifier>
    </Filter>
    <Filter Include="Resources\heroes\lucian">
      <UniqueIdentifier>{F2FCB58B-9BD4-3FD9-9E32-6F44A500AD30}</UniqueIdentifier>
    </Filter>
    <Filter Include="Resources\heroes\malhazar">
      <UniqueIdentifier>{34E7B90C-0505-393C-A272-70A84B8C1719}</UniqueIdentifier>
    </Filter>
    <Filter Include="Resources\heroes\pantheon">
      <UniqueIdentifier>{A0BF5301-AB3A-3D35-B7C4-4E8A0F9B4A0B}</UniqueIdentifier>
    </Filter>
    <Filter Include="Resources\heroes\ryze">
      <UniqueIdentifier>{37B07E7C-2728-3902-8143-6EAC8E97DC19}</UniqueIdentifier>
    </Filter>
    <Filter Include="Resources\heroes\ryze\spells">
      <UniqueIdentifier>{344DDDC6-4F52-3890-9D48-E9DD6A7E6D60}</UniqueIdentifier>
    </Filter>
    <Filter Include="Resources\heroes\ryze\spells\first">
      <UniqueIdentifier>{7CF4EAB9-66CD-31AD-932B-C9BB9C4FECCD}</UniqueIdentifier>
    </Filter>
    <Filter Include="Resources\heroes\ryze\spells\second">
      <UniqueIdentifier>{2188BA95-2438-3628-ADCE-3D0FF85E820A}</UniqueIdentifier>
    </Filter>
    <Filter Include="Resources\heroes\taliyah">
      <UniqueIdentifier>{28F2A893-AD16-3946-9E81-D485A2FB660E}</UniqueIdentifier>
    </Filter>
    <Filter Include="Resources\heroes\twisted_fate">
      <UniqueIdentifier>{95191FAC-B0A7-30A1-A980-4CD862EB7C53}</UniqueIdentifier>
    </Filter>
    <Filter Include="Resources\heroes\twisted_fate\spells">
      <UniqueIdentifier>{29717DE2-CAE0-35F2-9600-EE02877762E3}</UniqueIdentifier>
    </Filter>
    <Filter Include="Resources\heroes\twisted_fate\spells\first">
      <UniqueIdentifier>{741E714E-6A28-30BE-B9D6-03675AF9B2FC}</UniqueIdentifier>
    </Filter>
    <Filter Include="Resources\heroes\twisted_fate\spells\second">
      <UniqueIdentifier>{1EEB1778-DAA0-3666-BB0D-1A6D86699E74}</UniqueIdentifier>
    </Filter>
    <Filter Include="Resources\heroes\yuumi">
      <UniqueIdentifier>{09BF0731-F907-3EF3-8AE2-7AF00AED7EED}</UniqueIdentifier>
    </Filter>
    <Filter Include="Resources\other">
      <UniqueIdentifier>{4C41FC15-EF33-304D-8BB0-FE228D09F7F7}</UniqueIdentifier>
    </Filter>
    <Filter Include="Resources\popups">
      <UniqueIdentifier>{39EEED75-13DD-3CE7-9F39-91BF63E9F5BE}</UniqueIdentifier>
    </Filter>
    <Filter Include="Resources\res">
      <UniqueIdentifier>{33DF7C2C-FB7A-3EEE-AC9D-E89D3BA14B44}</UniqueIdentifier>
    </Filter>
    <Filter Include="Resources\shop">
      <UniqueIdentifier>{168AC6D3-1F8E-3292-B8D0-F83CEAA3E28C}</UniqueIdentifier>
    </Filter>
    <Filter Include="Resources\teleport">
      <UniqueIdentifier>{D8343CC5-D13B-3BF6-8955-44978E648EC9}</UniqueIdentifier>
    </Filter>
    <Filter Include="Resources\worldMap">
      <UniqueIdentifier>{E509F1D3-31CB-3AD0-A36A-21C979ADEECD}</UniqueIdentifier>
    </Filter>
    <Filter Include="Source Files">
      <UniqueIdentifier>{804DB3BD-95E0-3E7A-AEC0-3EF72CA00440}</UniqueIdentifier>
    </Filter>
    <Filter Include="Source Files\Classes">
      <UniqueIdentifier>{8037123B-A3F7-3F03-9AD3-8FF957D959B5}</UniqueIdentifier>
    </Filter>
    <Filter Include="Source Files\proj.win32">
      <UniqueIdentifier>{9F96CEA4-0E7A-3267-ADF5-B118C2E3A10C}</UniqueIdentifier>
    </Filter>
    <Filter Include="Source Files\Classes\AllyHeroes">
      <UniqueIdentifier>{b08ca0ec-0e62-48c4-ab0f-05301474906d}</UniqueIdentifier>
    </Filter>
    <Filter Include="Source Files\Classes\EnemyHeroes">
      <UniqueIdentifier>{5fa6758a-4fc1-4dc7-99d1-96f50f1db411}</UniqueIdentifier>
    </Filter>
    <Filter Include="Source Files\Classes\Scenes">
      <UniqueIdentifier>{c064e081-d232-4b8a-9642-c0a0d689a7a7}</UniqueIdentifier>
    </Filter>
    <Filter Include="Source Files\Classes\Objects">
      <UniqueIdentifier>{7937f859-3f7f-49be-897b-12bc4e547578}</UniqueIdentifier>
    </Filter>
  </ItemGroup>
</Project>