
Microsoft Visual Studio Solution File, Format Version 12.00
# Visual Studio Version 16
Project("{2150E333-8FDC-42A3-9474-1A3956D46DE8}") = "CMakePredefinedTargets", "CMakePredefinedTargets", "{D5566B21-F338-362D-B729-F26640CB8284}"
EndProject
Project("{2150E333-8FDC-42A3-9474-1A3956D46DE8}") = "External", "External", "{A7ED5907-182B-3793-97BA-0F8C403EAF4A}"
EndProject
Project("{2150E333-8FDC-42A3-9474-1A3956D46DE8}") = "Internal", "Internal", "{D25AEC31-7061-35C1-97A7-1A66A578E3E4}"
EndProject
Project("{8BC9CEB8-8B4A-11D0-8D11-00A0C91BC942}") = "ALL_BUILD", "ALL_BUILD.vcxproj", "{26E75FC6-9728-3513-B7D0-B95DF9B51822}"
	ProjectSection(ProjectDependencies) = postProject
		{0FAAA00D-98F2-3A85-A977-04CFE5BD23EE} = {0FAAA00D-98F2-3A85-A977-04CFE5BD23EE}
		{2AAFC183-F323-33D0-942C-59F38F15C66A} = {2AAFC183-F323-33D0-942C-59F38F15C66A}
		{F77D142E-DD03-3701-911F-C9AA2E7EFACE} = {F77D142E-DD03-3701-911F-C9AA2E7EFACE}
		{D1E25216-E6DE-32AD-987D-9C88E892EE3F} = {D1E25216-E6DE-32AD-987D-9C88E892EE3F}
		{36E9F9C2-5B4E-3F16-9C64-6918D3BCBC00} = {36E9F9C2-5B4E-3F16-9C64-6918D3BCBC00}
		{B048C0CC-524E-3568-8E2F-347CD10E62E6} = {B048C0CC-524E-3568-8E2F-347CD10E62E6}
		{E925FA26-C2D9-3562-AA8E-D259FB7A20BD} = {E925FA26-C2D9-3562-AA8E-D259FB7A20BD}
		{55583AD6-BFDE-3D2A-8546-8626A3469A9C} = {55583AD6-BFDE-3D2A-8546-8626A3469A9C}
		{D1716B57-EFB8-3E9B-8A03-8D1F39E75CC4} = {D1716B57-EFB8-3E9B-8A03-8D1F39E75CC4}
		{65EE8F16-347F-370D-91E1-BF8E136C0BBE} = {65EE8F16-347F-370D-91E1-BF8E136C0BBE}
		{09BE5678-F252-3F5D-AA0A-F56F622DB3DE} = {09BE5678-F252-3F5D-AA0A-F56F622DB3DE}
		{2CE27FD9-18E7-3DB9-A5F6-85A8EDEFCD52} = {2CE27FD9-18E7-3DB9-A5F6-85A8EDEFCD52}
		{D074FBE5-A132-3950-8E37-B242E3F9CD81} = {D074FBE5-A132-3950-8E37-B242E3F9CD81}
	EndProjectSection
EndProject
Project("{8BC9CEB8-8B4A-11D0-8D11-00A0C91BC942}") = "ZERO_CHECK", "..\..\..\\ZERO_CHECK.vcxproj", "{0FAAA00D-98F2-3A85-A977-04CFE5BD23EE}"
	ProjectSection(ProjectDependencies) = postProject
	EndProjectSection
EndProject
Project("{8BC9CEB8-8B4A-11D0-8D11-00A0C91BC942}") = "cocos2d", "cocos2d.vcxproj", "{2AAFC183-F323-33D0-942C-59F38F15C66A}"
	ProjectSection(ProjectDependencies) = postProject
		{0FAAA00D-98F2-3A85-A977-04CFE5BD23EE} = {0FAAA00D-98F2-3A85-A977-04CFE5BD23EE}
		{F77D142E-DD03-3701-911F-C9AA2E7EFACE} = {F77D142E-DD03-3701-911F-C9AA2E7EFACE}
		{D1E25216-E6DE-32AD-987D-9C88E892EE3F} = {D1E25216-E6DE-32AD-987D-9C88E892EE3F}
		{36E9F9C2-5B4E-3F16-9C64-6918D3BCBC00} = {36E9F9C2-5B4E-3F16-9C64-6918D3BCBC00}
		{B048C0CC-524E-3568-8E2F-347CD10E62E6} = {B048C0CC-524E-3568-8E2F-347CD10E62E6}
		{E925FA26-C2D9-3562-AA8E-D259FB7A20BD} = {E925FA26-C2D9-3562-AA8E-D259FB7A20BD}
		{55583AD6-BFDE-3D2A-8546-8626A3469A9C} = {55583AD6-BFDE-3D2A-8546-8626A3469A9C}
		{D1716B57-EFB8-3E9B-8A03-8D1F39E75CC4} = {D1716B57-EFB8-3E9B-8A03-8D1F39E75CC4}
		{65EE8F16-347F-370D-91E1-BF8E136C0BBE} = {65EE8F16-347F-370D-91E1-BF8E136C0BBE}
		{09BE5678-F252-3F5D-AA0A-F56F622DB3DE} = {09BE5678-F252-3F5D-AA0A-F56F622DB3DE}
		{2CE27FD9-18E7-3DB9-A5F6-85A8EDEFCD52} = {2CE27FD9-18E7-3DB9-A5F6-85A8EDEFCD52}
		{D074FBE5-A132-3950-8E37-B242E3F9CD81} = {D074FBE5-A132-3950-8E37-B242E3F9CD81}
	EndProjectSection
EndProject
Project("{8BC9CEB8-8B4A-11D0-8D11-00A0C91BC942}") = "ext_clipper", "..\..\external\clipper\ext_clipper.vcxproj", "{F77D142E-DD03-3701-911F-C9AA2E7EFACE}"
	ProjectSection(ProjectDependencies) = postProject
		{0FAAA00D-98F2-3A85-A977-04CFE5BD23EE} = {0FAAA00D-98F2-3A85-A977-04CFE5BD23EE}
	EndProjectSection
EndProject
Project("{8BC9CEB8-8B4A-11D0-8D11-00A0C91BC942}") = "ext_convertUTF", "..\..\external\ConvertUTF\ext_convertUTF.vcxproj", "{D1E25216-E6DE-32AD-987D-9C88E892EE3F}"
	ProjectSection(ProjectDependencies) = postProject
		{0FAAA00D-98F2-3A85-A977-04CFE5BD23EE} = {0FAAA00D-98F2-3A85-A977-04CFE5BD23EE}
	EndProjectSection
EndProject
Project("{8BC9CEB8-8B4A-11D0-8D11-00A0C91BC942}") = "ext_edtaa3func", "..\..\external\edtaa3func\ext_edtaa3func.vcxproj", "{36E9F9C2-5B4E-3F16-9C64-6918D3BCBC00}"
	ProjectSection(ProjectDependencies) = postProject
		{0FAAA00D-98F2-3A85-A977-04CFE5BD23EE} = {0FAAA00D-98F2-3A85-A977-04CFE5BD23EE}
	EndProjectSection
EndProject
Project("{8BC9CEB8-8B4A-11D0-8D11-00A0C91BC942}") = "ext_md5", "..\..\external\md5\ext_md5.vcxproj", "{B048C0CC-524E-3568-8E2F-347CD10E62E6}"
	ProjectSection(ProjectDependencies) = postProject
		{0FAAA00D-98F2-3A85-A977-04CFE5BD23EE} = {0FAAA00D-98F2-3A85-A977-04CFE5BD23EE}
	EndProjectSection
EndProject
Project("{8BC9CEB8-8B4A-11D0-8D11-00A0C91BC942}") = "ext_poly2tri", "..\..\external\poly2tri\ext_poly2tri.vcxproj", "{E925FA26-C2D9-3562-AA8E-D259FB7A20BD}"
	ProjectSection(ProjectDependencies) = postProject
		{0FAAA00D-98F2-3A85-A977-04CFE5BD23EE} = {0FAAA00D-98F2-3A85-A977-04CFE5BD23EE}
	EndProjectSection
EndProject
Project("{8BC9CEB8-8B4A-11D0-8D11-00A0C91BC942}") = "ext_recast", "..\..\external\recast\ext_recast.vcxproj", "{55583AD6-BFDE-3D2A-8546-8626A3469A9C}"
	ProjectSection(ProjectDependencies) = postProject
		{0FAAA00D-98F2-3A85-A977-04CFE5BD23EE} = {0FAAA00D-98F2-3A85-A977-04CFE5BD23EE}
	EndProjectSection
EndProject
Project("{8BC9CEB8-8B4A-11D0-8D11-00A0C91BC942}") = "ext_tinyxml2", "..\..\external\tinyxml2\ext_tinyxml2.vcxproj", "{D1716B57-EFB8-3E9B-8A03-8D1F39E75CC4}"
	ProjectSection(ProjectDependencies) = postProject
		{0FAAA00D-98F2-3A85-A977-04CFE5BD23EE} = {0FAAA00D-98F2-3A85-A977-04CFE5BD23EE}
	EndProjectSection
EndProject
Project("{8BC9CEB8-8B4A-11D0-8D11-00A0C91BC942}") = "ext_unzip", "..\..\external\unzip\ext_unzip.vcxproj", "{65EE8F16-347F-370D-91E1-BF8E136C0BBE}"
	ProjectSection(ProjectDependencies) = postProject
		{0FAAA00D-98F2-3A85-A977-04CFE5BD23EE} = {0FAAA00D-98F2-3A85-A977-04CFE5BD23EE}
	EndProjectSection
EndProject
Project("{8BC9CEB8-8B4A-11D0-8D11-00A0C91BC942}") = "ext_xxhash", "..\..\external\xxhash\ext_xxhash.vcxproj", "{09BE5678-F252-3F5D-AA0A-F56F622DB3DE}"
	ProjectSection(ProjectDependencies) = postProject
		{0FAAA00D-98F2-3A85-A977-04CFE5BD23EE} = {0FAAA00D-98F2-3A85-A977-04CFE5BD23EE}
	EndProjectSection
EndProject
Project("{8BC9CEB8-8B4A-11D0-8D11-00A0C91BC942}") = "ext_xxtea", "..\..\external\xxtea\ext_xxtea.vcxproj", "{2CE27FD9-18E7-3DB9-A5F6-85A8EDEFCD52}"
	ProjectSection(ProjectDependencies) = postProject
		{0FAAA00D-98F2-3A85-A977-04CFE5BD23EE} = {0FAAA00D-98F2-3A85-A977-04CFE5BD23EE}
	EndProjectSection
EndProject
Project("{8BC9CEB8-8B4A-11D0-8D11-00A0C91BC942}") = "external", "..\..\external\external.vcxproj", "{D074FBE5-A132-3950-8E37-B242E3F9CD81}"
	ProjectSection(ProjectDependencies) = postProject
		{0FAAA00D-98F2-3A85-A977-04CFE5BD23EE} = {0FAAA00D-98F2-3A85-A977-04CFE5BD23EE}
		{F77D142E-DD03-3701-911F-C9AA2E7EFACE} = {F77D142E-DD03-3701-911F-C9AA2E7EFACE}
		{D1E25216-E6DE-32AD-987D-9C88E892EE3F} = {D1E25216-E6DE-32AD-987D-9C88E892EE3F}
		{36E9F9C2-5B4E-3F16-9C64-6918D3BCBC00} = {36E9F9C2-5B4E-3F16-9C64-6918D3BCBC00}
		{B048C0CC-524E-3568-8E2F-347CD10E62E6} = {B048C0CC-524E-3568-8E2F-347CD10E62E6}
		{E925FA26-C2D9-3562-AA8E-D259FB7A20BD} = {E925FA26-C2D9-3562-AA8E-D259FB7A20BD}
		{55583AD6-BFDE-3D2A-8546-8626A3469A9C} = {55583AD6-BFDE-3D2A-8546-8626A3469A9C}
		{D1716B57-EFB8-3E9B-8A03-8D1F39E75CC4} = {D1716B57-EFB8-3E9B-8A03-8D1F39E75CC4}
		{65EE8F16-347F-370D-91E1-BF8E136C0BBE} = {65EE8F16-347F-370D-91E1-BF8E136C0BBE}
		{09BE5678-F252-3F5D-AA0A-F56F622DB3DE} = {09BE5678-F252-3F5D-AA0A-F56F622DB3DE}
		{2CE27FD9-18E7-3DB9-A5F6-85A8EDEFCD52} = {2CE27FD9-18E7-3DB9-A5F6-85A8EDEFCD52}
	EndProjectSection
EndProject
Global
	GlobalSection(SolutionConfigurationPlatforms) = preSolution
		Debug|win32 = Debug|win32
		Release|win32 = Release|win32
		MinSizeRel|win32 = MinSizeRel|win32
		RelWithDebInfo|win32 = RelWithDebInfo|win32
	EndGlobalSection
	GlobalSection(ProjectConfigurationPlatforms) = postSolution
		{26E75FC6-9728-3513-B7D0-B95DF9B51822}.Debug|win32.ActiveCfg = Debug|win32
		{26E75FC6-9728-3513-B7D0-B95DF9B51822}.Release|win32.ActiveCfg = Release|win32
		{26E75FC6-9728-3513-B7D0-B95DF9B51822}.MinSizeRel|win32.ActiveCfg = MinSizeRel|win32
		{26E75FC6-9728-3513-B7D0-B95DF9B51822}.RelWithDebInfo|win32.ActiveCfg = RelWithDebInfo|win32
		{0FAAA00D-98F2-3A85-A977-04CFE5BD23EE}.Debug|win32.ActiveCfg = Debug|win32
		{0FAAA00D-98F2-3A85-A977-04CFE5BD23EE}.Debug|win32.Build.0 = Debug|win32
		{0FAAA00D-98F2-3A85-A977-04CFE5BD23EE}.Release|win32.ActiveCfg = Release|win32
		{0FAAA00D-98F2-3A85-A977-04CFE5BD23EE}.Release|win32.Build.0 = Release|win32
		{0FAAA00D-98F2-3A85-A977-04CFE5BD23EE}.MinSizeRel|win32.ActiveCfg = MinSizeRel|win32
		{0FAAA00D-98F2-3A85-A977-04CFE5BD23EE}.MinSizeRel|win32.Build.0 = MinSizeRel|win32
		{0FAAA00D-98F2-3A85-A977-04CFE5BD23EE}.RelWithDebInfo|win32.ActiveCfg = RelWithDebInfo|win32
		{0FAAA00D-98F2-3A85-A977-04CFE5BD23EE}.RelWithDebInfo|win32.Build.0 = RelWithDebInfo|win32
		{2AAFC183-F323-33D0-942C-59F38F15C66A}.Debug|win32.ActiveCfg = Debug|win32
		{2AAFC183-F323-33D0-942C-59F38F15C66A}.Debug|win32.Build.0 = Debug|win32
		{2AAFC183-F323-33D0-942C-59F38F15C66A}.Release|win32.ActiveCfg = Release|win32
		{2AAFC183-F323-33D0-942C-59F38F15C66A}.Release|win32.Build.0 = Release|win32
		{2AAFC183-F323-33D0-942C-59F38F15C66A}.MinSizeRel|win32.ActiveCfg = MinSizeRel|win32
		{2AAFC183-F323-33D0-942C-59F38F15C66A}.MinSizeRel|win32.Build.0 = MinSizeRel|win32
		{2AAFC183-F323-33D0-942C-59F38F15C66A}.RelWithDebInfo|win32.ActiveCfg = RelWithDebInfo|win32
		{2AAFC183-F323-33D0-942C-59F38F15C66A}.RelWithDebInfo|win32.Build.0 = RelWithDebInfo|win32
		{F77D142E-DD03-3701-911F-C9AA2E7EFACE}.Debug|win32.ActiveCfg = Debug|win32
		{F77D142E-DD03-3701-911F-C9AA2E7EFACE}.Debug|win32.Build.0 = Debug|win32
		{F77D142E-DD03-3701-911F-C9AA2E7EFACE}.Release|win32.ActiveCfg = Release|win32
		{F77D142E-DD03-3701-911F-C9AA2E7EFACE}.Release|win32.Build.0 = Release|win32
		{F77D142E-DD03-3701-911F-C9AA2E7EFACE}.MinSizeRel|win32.ActiveCfg = MinSizeRel|win32
		{F77D142E-DD03-3701-911F-C9AA2E7EFACE}.MinSizeRel|win32.Build.0 = MinSizeRel|win32
		{F77D142E-DD03-3701-911F-C9AA2E7EFACE}.RelWithDebInfo|win32.ActiveCfg = RelWithDebInfo|win32
		{F77D142E-DD03-3701-911F-C9AA2E7EFACE}.RelWithDebInfo|win32.Build.0 = RelWithDebInfo|win32
		{D1E25216-E6DE-32AD-987D-9C88E892EE3F}.Debug|win32.ActiveCfg = Debug|win32
		{D1E25216-E6DE-32AD-987D-9C88E892EE3F}.Debug|win32.Build.0 = Debug|win32
		{D1E25216-E6DE-32AD-987D-9C88E892EE3F}.Release|win32.ActiveCfg = Release|win32
		{D1E25216-E6DE-32AD-987D-9C88E892EE3F}.Release|win32.Build.0 = Release|win32
		{D1E25216-E6DE-32AD-987D-9C88E892EE3F}.MinSizeRel|win32.ActiveCfg = MinSizeRel|win32
		{D1E25216-E6DE-32AD-987D-9C88E892EE3F}.MinSizeRel|win32.Build.0 = MinSizeRel|win32
		{D1E25216-E6DE-32AD-987D-9C88E892EE3F}.RelWithDebInfo|win32.ActiveCfg = RelWithDebInfo|win32
		{D1E25216-E6DE-32AD-987D-9C88E892EE3F}.RelWithDebInfo|win32.Build.0 = RelWithDebInfo|win32
		{36E9F9C2-5B4E-3F16-9C64-6918D3BCBC00}.Debug|win32.ActiveCfg = Debug|win32
		{36E9F9C2-5B4E-3F16-9C64-6918D3BCBC00}.Debug|win32.Build.0 = Debug|win32
		{36E9F9C2-5B4E-3F16-9C64-6918D3BCBC00}.Release|win32.ActiveCfg = Release|win32
		{36E9F9C2-5B4E-3F16-9C64-6918D3BCBC00}.Release|win32.Build.0 = Release|win32
		{36E9F9C2-5B4E-3F16-9C64-6918D3BCBC00}.MinSizeRel|win32.ActiveCfg = MinSizeRel|win32
		{36E9F9C2-5B4E-3F16-9C64-6918D3BCBC00}.MinSizeRel|win32.Build.0 = MinSizeRel|win32
		{36E9F9C2-5B4E-3F16-9C64-6918D3BCBC00}.RelWithDebInfo|win32.ActiveCfg = RelWithDebInfo|win32
		{36E9F9C2-5B4E-3F16-9C64-6918D3BCBC00}.RelWithDebInfo|win32.Build.0 = RelWithDebInfo|win32
		{B048C0CC-524E-3568-8E2F-347CD10E62E6}.Debug|win32.ActiveCfg = Debug|win32
		{B048C0CC-524E-3568-8E2F-347CD10E62E6}.Debug|win32.Build.0 = Debug|win32
		{B048C0CC-524E-3568-8E2F-347CD10E62E6}.Release|win32.ActiveCfg = Release|win32
		{B048C0CC-524E-3568-8E2F-347CD10E62E6}.Release|win32.Build.0 = Release|win32
		{B048C0CC-524E-3568-8E2F-347CD10E62E6}.MinSizeRel|win32.ActiveCfg = MinSizeRel|win32
		{B048C0CC-524E-3568-8E2F-347CD10E62E6}.MinSizeRel|win32.Build.0 = MinSizeRel|win32
		{B048C0CC-524E-3568-8E2F-347CD10E62E6}.RelWithDebInfo|win32.ActiveCfg = RelWithDebInfo|win32
		{B048C0CC-524E-3568-8E2F-347CD10E62E6}.RelWithDebInfo|win32.Build.0 = RelWithDebInfo|win32
		{E925FA26-C2D9-3562-AA8E-D259FB7A20BD}.Debug|win32.ActiveCfg = Debug|win32
		{E925FA26-C2D9-3562-AA8E-D259FB7A20BD}.Debug|win32.Build.0 = Debug|win32
		{E925FA26-C2D9-3562-AA8E-D259FB7A20BD}.Release|win32.ActiveCfg = Release|win32
		{E925FA26-C2D9-3562-AA8E-D259FB7A20BD}.Release|win32.Build.0 = Release|win32
		{E925FA26-C2D9-3562-AA8E-D259FB7A20BD}.MinSizeRel|win32.ActiveCfg = MinSizeRel|win32
		{E925FA26-C2D9-3562-AA8E-D259FB7A20BD}.MinSizeRel|win32.Build.0 = MinSizeRel|win32
		{E925FA26-C2D9-3562-AA8E-D259FB7A20BD}.RelWithDebInfo|win32.ActiveCfg = RelWithDebInfo|win32
		{E925FA26-C2D9-3562-AA8E-D259FB7A20BD}.RelWithDebInfo|win32.Build.0 = RelWithDebInfo|win32
		{55583AD6-BFDE-3D2A-8546-8626A3469A9C}.Debug|win32.ActiveCfg = Debug|win32
		{55583AD6-BFDE-3D2A-8546-8626A3469A9C}.Debug|win32.Build.0 = Debug|win32
		{55583AD6-BFDE-3D2A-8546-8626A3469A9C}.Release|win32.ActiveCfg = Release|win32
		{55583AD6-BFDE-3D2A-8546-8626A3469A9C}.Release|win32.Build.0 = Release|win32
		{55583AD6-BFDE-3D2A-8546-8626A3469A9C}.MinSizeRel|win32.ActiveCfg = MinSizeRel|win32
		{55583AD6-BFDE-3D2A-8546-8626A3469A9C}.MinSizeRel|win32.Build.0 = MinSizeRel|win32
		{55583AD6-BFDE-3D2A-8546-8626A3469A9C}.RelWithDebInfo|win32.ActiveCfg = RelWithDebInfo|win32
		{55583AD6-BFDE-3D2A-8546-8626A3469A9C}.RelWithDebInfo|win32.Build.0 = RelWithDebInfo|win32
		{D1716B57-EFB8-3E9B-8A03-8D1F39E75CC4}.Debug|win32.ActiveCfg = Debug|win32
		{D1716B57-EFB8-3E9B-8A03-8D1F39E75CC4}.Debug|win32.Build.0 = Debug|win32
		{D1716B57-EFB8-3E9B-8A03-8D1F39E75CC4}.Release|win32.ActiveCfg = Release|win32
		{D1716B57-EFB8-3E9B-8A03-8D1F39E75CC4}.Release|win32.Build.0 = Release|win32
		{D1716B57-EFB8-3E9B-8A03-8D1F39E75CC4}.MinSizeRel|win32.ActiveCfg = MinSizeRel|win32
		{D1716B57-EFB8-3E9B-8A03-8D1F39E75CC4}.MinSizeRel|win32.Build.0 = MinSizeRel|win32
		{D1716B57-EFB8-3E9B-8A03-8D1F39E75CC4}.RelWithDebInfo|win32.ActiveCfg = RelWithDebInfo|win32
		{D1716B57-EFB8-3E9B-8A03-8D1F39E75CC4}.RelWithDebInfo|win32.Build.0 = RelWithDebInfo|win32
		{65EE8F16-347F-370D-91E1-BF8E136C0BBE}.Debug|win32.ActiveCfg = Debug|win32
		{65EE8F16-347F-370D-91E1-BF8E136C0BBE}.Debug|win32.Build.0 = Debug|win32
		{65EE8F16-347F-370D-91E1-BF8E136C0BBE}.Release|win32.ActiveCfg = Release|win32
		{65EE8F16-347F-370D-91E1-BF8E136C0BBE}.Release|win32.Build.0 = Release|win32
		{65EE8F16-347F-370D-91E1-BF8E136C0BBE}.MinSizeRel|win32.ActiveCfg = MinSizeRel|win32
		{65EE8F16-347F-370D-91E1-BF8E136C0BBE}.MinSizeRel|win32.Build.0 = MinSizeRel|win32
		{65EE8F16-347F-370D-91E1-BF8E136C0BBE}.RelWithDebInfo|win32.ActiveCfg = RelWithDebInfo|win32
		{65EE8F16-347F-370D-91E1-BF8E136C0BBE}.RelWithDebInfo|win32.Build.0 = RelWithDebInfo|win32
		{09BE5678-F252-3F5D-AA0A-F56F622DB3DE}.Debug|win32.ActiveCfg = Debug|win32
		{09BE5678-F252-3F5D-AA0A-F56F622DB3DE}.Debug|win32.Build.0 = Debug|win32
		{09BE5678-F252-3F5D-AA0A-F56F622DB3DE}.Release|win32.ActiveCfg = Release|win32
		{09BE5678-F252-3F5D-AA0A-F56F622DB3DE}.Release|win32.Build.0 = Release|win32
		{09BE5678-F252-3F5D-AA0A-F56F622DB3DE}.MinSizeRel|win32.ActiveCfg = MinSizeRel|win32
		{09BE5678-F252-3F5D-AA0A-F56F622DB3DE}.MinSizeRel|win32.Build.0 = MinSizeRel|win32
		{09BE5678-F252-3F5D-AA0A-F56F622DB3DE}.RelWithDebInfo|win32.ActiveCfg = RelWithDebInfo|win32
		{09BE5678-F252-3F5D-AA0A-F56F622DB3DE}.RelWithDebInfo|win32.Build.0 = RelWithDebInfo|win32
		{2CE27FD9-18E7-3DB9-A5F6-85A8EDEFCD52}.Debug|win32.ActiveCfg = Debug|win32
		{2CE27FD9-18E7-3DB9-A5F6-85A8EDEFCD52}.Debug|win32.Build.0 = Debug|win32
		{2CE27FD9-18E7-3DB9-A5F6-85A8EDEFCD52}.Release|win32.ActiveCfg = Release|win32
		{2CE27FD9-18E7-3DB9-A5F6-85A8EDEFCD52}.Release|win32.Build.0 = Release|win32
		{2CE27FD9-18E7-3DB9-A5F6-85A8EDEFCD52}.MinSizeRel|win32.ActiveCfg = MinSizeRel|win32
		{2CE27FD9-18E7-3DB9-A5F6-85A8EDEFCD52}.MinSizeRel|win32.Build.0 = MinSizeRel|win32
		{2CE27FD9-18E7-3DB9-A5F6-85A8EDEFCD52}.RelWithDebInfo|win32.ActiveCfg = RelWithDebInfo|win32
		{2CE27FD9-18E7-3DB9-A5F6-85A8EDEFCD52}.RelWithDebInfo|win32.Build.0 = RelWithDebInfo|win32
		{D074FBE5-A132-3950-8E37-B242E3F9CD81}.Debug|win32.ActiveCfg = Debug|win32
		{D074FBE5-A132-3950-8E37-B242E3F9CD81}.Debug|win32.Build.0 = Debug|win32
		{D074FBE5-A132-3950-8E37-B242E3F9CD81}.Release|win32.ActiveCfg = Release|win32
		{D074FBE5-A132-3950-8E37-B242E3F9CD81}.Release|win32.Build.0 = Release|win32
		{D074FBE5-A132-3950-8E37-B242E3F9CD81}.MinSizeRel|win32.ActiveCfg = MinSizeRel|win32
		{D074FBE5-A132-3950-8E37-B242E3F9CD81}.MinSizeRel|win32.Build.0 = MinSizeRel|win32
		{D074FBE5-A132-3950-8E37-B242E3F9CD81}.RelWithDebInfo|win32.ActiveCfg = RelWithDebInfo|win32
		{D074FBE5-A132-3950-8E37-B242E3F9CD81}.RelWithDebInfo|win32.Build.0 = RelWithDebInfo|win32
	EndGlobalSection
	GlobalSection(NestedProjects) = preSolution
		{26E75FC6-9728-3513-B7D0-B95DF9B51822} = {D5566B21-F338-362D-B729-F26640CB8284}
		{0FAAA00D-98F2-3A85-A977-04CFE5BD23EE} = {D5566B21-F338-362D-B729-F26640CB8284}
		{F77D142E-DD03-3701-911F-C9AA2E7EFACE} = {A7ED5907-182B-3793-97BA-0F8C403EAF4A}
		{D1E25216-E6DE-32AD-987D-9C88E892EE3F} = {A7ED5907-182B-3793-97BA-0F8C403EAF4A}
		{36E9F9C2-5B4E-3F16-9C64-6918D3BCBC00} = {A7ED5907-182B-3793-97BA-0F8C403EAF4A}
		{B048C0CC-524E-3568-8E2F-347CD10E62E6} = {A7ED5907-182B-3793-97BA-0F8C403EAF4A}
		{E925FA26-C2D9-3562-AA8E-D259FB7A20BD} = {A7ED5907-182B-3793-97BA-0F8C403EAF4A}
		{55583AD6-BFDE-3D2A-8546-8626A3469A9C} = {A7ED5907-182B-3793-97BA-0F8C403EAF4A}
		{D1716B57-EFB8-3E9B-8A03-8D1F39E75CC4} = {A7ED5907-182B-3793-97BA-0F8C403EAF4A}
		{65EE8F16-347F-370D-91E1-BF8E136C0BBE} = {A7ED5907-182B-3793-97BA-0F8C403EAF4A}
		{09BE5678-F252-3F5D-AA0A-F56F622DB3DE} = {A7ED5907-182B-3793-97BA-0F8C403EAF4A}
		{2CE27FD9-18E7-3DB9-A5F6-85A8EDEFCD52} = {A7ED5907-182B-3793-97BA-0F8C403EAF4A}
		{D074FBE5-A132-3950-8E37-B242E3F9CD81} = {A7ED5907-182B-3793-97BA-0F8C403EAF4A}
		{2AAFC183-F323-33D0-942C-59F38F15C66A} = {D25AEC31-7061-35C1-97A7-1A66A578E3E4}
	EndGlobalSection
	GlobalSection(ExtensibilityGlobals) = postSolution
		SolutionGuid = {E4501DE2-FE2E-398D-A5E3-3AAFBAD12AD1}
	EndGlobalSection
	GlobalSection(ExtensibilityAddIns) = postSolution
	EndGlobalSection
EndGlobal
